<?xml version="1.0" encoding="utf-8"?>
<Project ToolsVersion="4.0" xmlns="http://schemas.microsoft.com/developer/msbuild/2003">
  <ItemGroup>
    <Filter Include="Source Files">
      <UniqueIdentifier>{4FC737F1-C7A5-4376-A066-2A32D752A2FF}</UniqueIdentifier>
      <Extensions>cpp;c;cc;cxx;def;odl;idl;hpj;bat;asm;asmx</Extensions>
    </Filter>
    <Filter Include="Header Files">
      <UniqueIdentifier>{93995380-89BD-4b04-88EB-625FBE52EBFB}</UniqueIdentifier>
      <Extensions>h;hpp;hxx;hm;inl;inc;xsd</Extensions>
    </Filter>
    <Filter Include="Resource Files">
      <UniqueIdentifier>{67DA6AB6-F800-4c08-8B7A-83BB121AAD01}</UniqueIdentifier>
      <Extensions>rc;ico;cur;bmp;dlg;rc2;rct;bin;rgs;gif;jpg;jpeg;jpe;resx;tiff;tif;png;wav;mfcribbon-ms</Extensions>
    </Filter>
    <Filter Include="Header Files\CConsole">
      <UniqueIdentifier>{d053efc9-6631-42c6-b32d-460952a0e6d4}</UniqueIdentifier>
    </Filter>
    <Filter Include="Source Files\PURE">
      <UniqueIdentifier>{af9fdba5-b739-4ba5-b474-e45510eadba0}</UniqueIdentifier>
    </Filter>
    <Filter Include="Header Files\PFL">
      <UniqueIdentifier>{045be79d-9daf-4bc1-81b7-1a65a2074aec}</UniqueIdentifier>
    </Filter>
    <Filter Include="Source Files\PURE\Object3D">
      <UniqueIdentifier>{9aaf081a-ef9e-43aa-8d39-53ebb86208d7}</UniqueIdentifier>
    </Filter>
    <Filter Include="Source Files\PURE\Material">
      <UniqueIdentifier>{74799aae-0add-4235-997a-38b17f53bee6}</UniqueIdentifier>
    </Filter>
    <Filter Include="Source Files\PURE\Math">
      <UniqueIdentifier>{1010a363-886d-4694-94ab-e8d566eae4ac}</UniqueIdentifier>
    </Filter>
    <Filter Include="Source Files\PURE\Display">
      <UniqueIdentifier>{a2a4bec2-7c96-4228-9df9-2f8ac50d2b62}</UniqueIdentifier>
    </Filter>
    <Filter Include="Source Files\PURE\Hardware">
      <UniqueIdentifier>{8dc8935f-07a7-4be5-be94-d4eb4ea7c5cf}</UniqueIdentifier>
    </Filter>
    <Filter Include="Source Files\PURE\Render">
      <UniqueIdentifier>{f19cf9ec-a3b5-4cef-9723-a00116b3cbff}</UniqueIdentifier>
    </Filter>
    <Filter Include="Source Files\PURE\SpatialStructures">
      <UniqueIdentifier>{c499ee64-64c6-41fd-82b7-993a6606462a}</UniqueIdentifier>
    </Filter>
    <Filter Include="Header Files\Weapons">
      <UniqueIdentifier>{7858cb9e-1a65-4f9b-bcb4-30b68fc5ad91}</UniqueIdentifier>
    </Filter>
    <Filter Include="Source Files\Weapons">
      <UniqueIdentifier>{1553b81c-38d5-40de-9926-647db2afbaf6}</UniqueIdentifier>
    </Filter>
    <Filter Include="Header Files\Audio">
      <UniqueIdentifier>{812127d6-04d7-4431-92c9-b297fe52d0e6}</UniqueIdentifier>
    </Filter>
    <Filter Include="Header Files\Audio\SoLoud">
      <UniqueIdentifier>{b481d675-7e40-4bb6-b275-b95f49b2b588}</UniqueIdentifier>
    </Filter>
    <Filter Include="Source Files\Audio">
      <UniqueIdentifier>{804592fc-789f-44b3-846c-25fd0722a4f7}</UniqueIdentifier>
    </Filter>
    <Filter Include="Source Files\Audio\SoLoud">
      <UniqueIdentifier>{642c5372-5f81-4892-95c3-efa92f373aa0}</UniqueIdentifier>
    </Filter>
    <Filter Include="Source Files\PURE\GUI">
      <UniqueIdentifier>{b90a41f1-e94b-4aa4-8835-516133e27a0f}</UniqueIdentifier>
    </Filter>
    <Filter Include="Source Files\PURE\GUI\Backends">
      <UniqueIdentifier>{06260298-3e8f-4e27-8899-b935a99ff684}</UniqueIdentifier>
    </Filter>
    <Filter Include="Header Files\Network">
      <UniqueIdentifier>{969fa030-e6e8-45a8-9026-db21d200a22b}</UniqueIdentifier>
    </Filter>
    <Filter Include="Source Files\Network">
      <UniqueIdentifier>{43e59651-7f45-4662-9bcf-431c1c14424f}</UniqueIdentifier>
    </Filter>
    <Filter Include="Header Files\Network\GameNetworkingSockets-1.4.0">
      <UniqueIdentifier>{4ef90c79-aa18-40e6-a1d8-5699952cfdd2}</UniqueIdentifier>
    </Filter>
    <Filter Include="Header Files\Config">
      <UniqueIdentifier>{e69e9b82-762a-4755-a04e-e4f3ead14545}</UniqueIdentifier>
    </Filter>
    <Filter Include="Source Files\Config">
      <UniqueIdentifier>{498b39db-6c89-4b42-8713-51a456f33837}</UniqueIdentifier>
    </Filter>
    <Filter Include="Header Files\PURE">
      <UniqueIdentifier>{864972f2-bbe7-41b2-8f97-d7e1124b8575}</UniqueIdentifier>
    </Filter>
    <Filter Include="Header Files\PURE\include">
      <UniqueIdentifier>{6e77a6d9-31f6-4048-a4a8-b87b68640bf2}</UniqueIdentifier>
    </Filter>
    <Filter Include="Header Files\PURE\include\internal">
      <UniqueIdentifier>{6512a7fb-fd9a-4640-9a43-858e1666d40e}</UniqueIdentifier>
    </Filter>
    <Filter Include="Header Files\PURE\include\internal\gl">
      <UniqueIdentifier>{0ab39cb0-a7e8-4477-8374-29a2c137f549}</UniqueIdentifier>
    </Filter>
    <Filter Include="Header Files\PURE\include\internal\Display">
      <UniqueIdentifier>{d0f7af34-9523-4dc3-b072-0b33d1a2e5f8}</UniqueIdentifier>
    </Filter>
    <Filter Include="Header Files\PURE\include\internal\Hardware">
      <UniqueIdentifier>{12e4444a-af63-4c4a-9433-c630e68c3cc8}</UniqueIdentifier>
    </Filter>
    <Filter Include="Header Files\PURE\include\internal\Material">
      <UniqueIdentifier>{159bc166-824f-4be3-a2ec-b53d5fadd4a5}</UniqueIdentifier>
    </Filter>
    <Filter Include="Header Files\PURE\include\internal\Math">
      <UniqueIdentifier>{bf61e2e8-6ca5-471e-8e88-5ce6c6ceeb1a}</UniqueIdentifier>
    </Filter>
    <Filter Include="Header Files\PURE\include\internal\Object3D">
      <UniqueIdentifier>{087c0e75-19a1-424e-bbc7-2410e374ec25}</UniqueIdentifier>
    </Filter>
    <Filter Include="Header Files\PURE\include\internal\SpatialStructures">
      <UniqueIdentifier>{6bbb0d33-a1da-4548-96ca-cc757df9d043}</UniqueIdentifier>
    </Filter>
    <Filter Include="Header Files\PURE\include\internal\GUI">
      <UniqueIdentifier>{89784676-9136-4c28-b0ff-d23fde578769}</UniqueIdentifier>
    </Filter>
    <Filter Include="Header Files\PURE\include\internal\GUI\Backends">
      <UniqueIdentifier>{d54ccf5c-b4ca-4ceb-9c71-7484a237497e}</UniqueIdentifier>
    </Filter>
    <Filter Include="Header Files\PURE\include\external">
      <UniqueIdentifier>{11fc8dbb-c633-4fe0-86b6-18bbe46f1918}</UniqueIdentifier>
    </Filter>
    <Filter Include="Header Files\PURE\include\external\Display">
      <UniqueIdentifier>{933dc6b5-fa82-4c0f-a502-7a89ea564ac6}</UniqueIdentifier>
    </Filter>
    <Filter Include="Header Files\PURE\include\external\Hardware">
      <UniqueIdentifier>{c5ee8544-db92-4d4b-9017-98d185e9369d}</UniqueIdentifier>
    </Filter>
    <Filter Include="Header Files\PURE\include\external\Material">
      <UniqueIdentifier>{fdcb0b24-26ab-4748-b291-690174f27b3d}</UniqueIdentifier>
    </Filter>
    <Filter Include="Header Files\PURE\include\external\Math">
      <UniqueIdentifier>{108428d6-cd34-4dc8-88a3-d1cc5f0b9d3c}</UniqueIdentifier>
    </Filter>
    <Filter Include="Header Files\PURE\include\external\Object3D">
      <UniqueIdentifier>{877f1fde-634a-4159-8806-c5742d789d62}</UniqueIdentifier>
    </Filter>
    <Filter Include="Header Files\PURE\include\external\Render">
      <UniqueIdentifier>{a36ba985-7688-41d3-837a-051f1b497bff}</UniqueIdentifier>
    </Filter>
    <Filter Include="Header Files\PURE\include\external\GUI">
      <UniqueIdentifier>{12e00c0e-3afe-48c2-951c-08468c132765}</UniqueIdentifier>
    </Filter>
  </ItemGroup>
  <ItemGroup>
    <ClInclude Include="PGE.h">
      <Filter>Header Files</Filter>
    </ClInclude>
    <ClInclude Include="PGEconsts.h">
      <Filter>Header Files</Filter>
    </ClInclude>
    <ClInclude Include="PGEincludes.h">
      <Filter>Header Files</Filter>
    </ClInclude>
    <ClInclude Include="PGEpragmas.h">
      <Filter>Header Files</Filter>
    </ClInclude>
    <ClInclude Include="PGESysGFX.h">
      <Filter>Header Files</Filter>
    </ClInclude>
    <ClInclude Include="PGEInputHandler.h">
      <Filter>Header Files</Filter>
    </ClInclude>
    <ClInclude Include="PGEWorld.h">
      <Filter>Header Files</Filter>
    </ClInclude>
    <ClInclude Include="PGEWorldTime.h">
      <Filter>Header Files</Filter>
    </ClInclude>
    <ClInclude Include="PGEWorldWeather.h">
      <Filter>Header Files</Filter>
    </ClInclude>
    <ClInclude Include="PGEallHeaders.h">
      <Filter>Header Files</Filter>
    </ClInclude>
    <ClInclude Include="..\..\PFL\PFL\PFL.h">
      <Filter>Header Files\PFL</Filter>
    </ClInclude>
    <ClInclude Include="PURE\include\internal\gl\GL.h">
      <Filter>Header Files\PURE\include\internal\gl</Filter>
    </ClInclude>
    <ClInclude Include="PURE\include\internal\gl\GLAux.h">
      <Filter>Header Files\PURE\include\internal\gl</Filter>
    </ClInclude>
    <ClInclude Include="PURE\include\internal\gl\glext.h">
      <Filter>Header Files\PURE\include\internal\gl</Filter>
    </ClInclude>
    <ClInclude Include="PURE\include\internal\gl\GLU.h">
      <Filter>Header Files\PURE\include\internal\gl</Filter>
    </ClInclude>
    <ClInclude Include="PURE\include\internal\gl\glut.h">
      <Filter>Header Files\PURE\include\internal\gl</Filter>
    </ClInclude>
    <ClInclude Include="PURE\include\internal\gl\glxext.h">
      <Filter>Header Files\PURE\include\internal\gl</Filter>
    </ClInclude>
    <ClInclude Include="PURE\include\internal\gl\wglext.h">
      <Filter>Header Files\PURE\include\internal\gl</Filter>
    </ClInclude>
    <ClInclude Include="PURE\include\external\Display\PureScreen.h">
      <Filter>Header Files\PURE\include\external\Display</Filter>
    </ClInclude>
    <ClInclude Include="PURE\include\external\Display\PureWindow.h">
      <Filter>Header Files\PURE\include\external\Display</Filter>
    </ClInclude>
    <ClInclude Include="PURE\include\external\Hardware\PureHwAudio.h">
      <Filter>Header Files\PURE\include\external\Hardware</Filter>
    </ClInclude>
    <ClInclude Include="PURE\include\external\Hardware\PureHwBase.h">
      <Filter>Header Files\PURE\include\external\Hardware</Filter>
    </ClInclude>
    <ClInclude Include="PURE\include\external\Hardware\PureHwCentralProcessor.h">
      <Filter>Header Files\PURE\include\external\Hardware</Filter>
    </ClInclude>
    <ClInclude Include="PURE\include\external\Hardware\PureHwInfo.h">
      <Filter>Header Files\PURE\include\external\Hardware</Filter>
    </ClInclude>
    <ClInclude Include="PURE\include\external\Hardware\PureHwSystemMemory.h">
      <Filter>Header Files\PURE\include\external\Hardware</Filter>
    </ClInclude>
    <ClInclude Include="PURE\include\external\Hardware\PureHwVideo.h">
      <Filter>Header Files\PURE\include\external\Hardware</Filter>
    </ClInclude>
    <ClInclude Include="PURE\include\external\Material\PureColor.h">
      <Filter>Header Files\PURE\include\external\Material</Filter>
    </ClInclude>
    <ClInclude Include="PURE\include\external\Material\PureImageManager.h">
      <Filter>Header Files\PURE\include\external\Material</Filter>
    </ClInclude>
    <ClInclude Include="PURE\include\external\Material\PureMaterialManager.h">
      <Filter>Header Files\PURE\include\external\Material</Filter>
    </ClInclude>
    <ClInclude Include="PURE\include\external\Material\PureTextureManager.h">
      <Filter>Header Files\PURE\include\external\Material</Filter>
    </ClInclude>
    <ClInclude Include="PURE\include\external\Math\PureMatrix.h">
      <Filter>Header Files\PURE\include\external\Math</Filter>
    </ClInclude>
    <ClInclude Include="PURE\include\external\Math\PurePosUpTarget.h">
      <Filter>Header Files\PURE\include\external\Math</Filter>
    </ClInclude>
    <ClInclude Include="PURE\include\external\Math\PureTransformMatrix.h">
      <Filter>Header Files\PURE\include\external\Math</Filter>
    </ClInclude>
    <ClInclude Include="PURE\include\external\Math\PureVector.h">
      <Filter>Header Files\PURE\include\external\Math</Filter>
    </ClInclude>
    <ClInclude Include="PURE\include\external\Object3D\PureMesh3DManager.h">
      <Filter>Header Files\PURE\include\external\Object3D</Filter>
    </ClInclude>
    <ClInclude Include="PURE\include\external\Object3D\PureObject3DManager.h">
      <Filter>Header Files\PURE\include\external\Object3D</Filter>
    </ClInclude>
    <ClInclude Include="PURE\include\external\Object3D\PureVertexTransferMode.h">
      <Filter>Header Files\PURE\include\external\Object3D</Filter>
    </ClInclude>
    <ClInclude Include="PURE\include\external\PureAllHeaders.h">
      <Filter>Header Files\PURE\include\external</Filter>
    </ClInclude>
    <ClInclude Include="PURE\include\external\PureCamera.h">
      <Filter>Header Files\PURE\include\external</Filter>
    </ClInclude>
    <ClInclude Include="PURE\include\external\PureFiledManager.h">
      <Filter>Header Files\PURE\include\external</Filter>
    </ClInclude>
    <ClInclude Include="PURE\include\external\PureManager.h">
      <Filter>Header Files\PURE\include\external</Filter>
    </ClInclude>
    <ClInclude Include="PURE\include\external\PureTypes.h">
      <Filter>Header Files\PURE\include\external</Filter>
    </ClInclude>
    <ClInclude Include="PURE\include\external\PureUiManager.h">
      <Filter>Header Files\PURE\include\external</Filter>
    </ClInclude>
    <ClInclude Include="PURE\include\external\Render\PureIIncrementalRenderPipeline.h">
      <Filter>Header Files\PURE\include\external\Render</Filter>
    </ClInclude>
    <ClInclude Include="PURE\include\external\Render\PureIRenderable.h">
      <Filter>Header Files\PURE\include\external\Render</Filter>
    </ClInclude>
    <ClInclude Include="PURE\include\external\Render\PureIRenderer.h">
      <Filter>Header Files\PURE\include\external\Render</Filter>
    </ClInclude>
    <ClInclude Include="PURE\include\external\Render\PureRendererHWfixedPipe.h">
      <Filter>Header Files\PURE\include\external\Render</Filter>
    </ClInclude>
    <ClInclude Include="PURE\include\external\Render\PureRendererSWincremental.h">
      <Filter>Header Files\PURE\include\external\Render</Filter>
    </ClInclude>
    <ClInclude Include="PURE\include\internal\Display\PureSharedSettings.h">
      <Filter>Header Files\PURE\include\internal\Display</Filter>
    </ClInclude>
    <ClInclude Include="PURE\include\internal\Material\PureImageImpl.h">
      <Filter>Header Files\PURE\include\internal\Material</Filter>
    </ClInclude>
    <ClInclude Include="PURE\include\internal\Material\PureMaterialImpl.h">
      <Filter>Header Files\PURE\include\internal\Material</Filter>
    </ClInclude>
    <ClInclude Include="PURE\include\internal\Material\PureTextureImpl.h">
      <Filter>Header Files\PURE\include\internal\Material</Filter>
    </ClInclude>
    <ClInclude Include="PURE\include\internal\Math\PureScissor.h">
      <Filter>Header Files\PURE\include\internal\Math</Filter>
    </ClInclude>
    <ClInclude Include="PURE\include\internal\Object3D\PureMesh3DImpl.h">
      <Filter>Header Files\PURE\include\internal\Object3D</Filter>
    </ClInclude>
    <ClInclude Include="PURE\include\internal\Object3D\PureObject3DImpl.h">
      <Filter>Header Files\PURE\include\internal\Object3D</Filter>
    </ClInclude>
    <ClInclude Include="PURE\include\internal\Object3D\PureVertexTransferModeImpl.h">
      <Filter>Header Files\PURE\include\internal\Object3D</Filter>
    </ClInclude>
    <ClInclude Include="PURE\include\internal\PureBaseIncludes.h">
      <Filter>Header Files\PURE\include\internal</Filter>
    </ClInclude>
    <ClInclude Include="PURE\include\internal\PureConsts.h">
      <Filter>Header Files\PURE\include\internal</Filter>
    </ClInclude>
    <ClInclude Include="PURE\include\internal\PureGLextensionFuncs.h">
      <Filter>Header Files\PURE\include\internal</Filter>
    </ClInclude>
    <ClInclude Include="PURE\include\internal\PureGLsnippets.h">
      <Filter>Header Files\PURE\include\internal</Filter>
    </ClInclude>
    <ClInclude Include="PURE\include\internal\PurePragmas.h">
      <Filter>Header Files\PURE\include\internal</Filter>
    </ClInclude>
    <ClInclude Include="PURE\include\internal\PureUiFontWin.h">
      <Filter>Header Files\PURE\include\internal</Filter>
    </ClInclude>
    <ClInclude Include="PURE\include\internal\PureUiText.h">
      <Filter>Header Files\PURE\include\internal</Filter>
    </ClInclude>
    <ClInclude Include="PURE\include\internal\PureGLsafeFuncs.h">
      <Filter>Header Files\PURE\include\internal</Filter>
    </ClInclude>
    <ClInclude Include="PURE\include\internal\Object3D\PureMesh3DManagerImpl.h">
      <Filter>Header Files\PURE\include\internal\Object3D</Filter>
    </ClInclude>
    <ClInclude Include="PURE\include\internal\PureManagedImpl.h">
      <Filter>Header Files\PURE\include\internal</Filter>
    </ClInclude>
    <ClInclude Include="PURE\include\internal\SpatialStructures\PureAxisAlignedBoundingBox.h">
      <Filter>Header Files\PURE\include\internal\SpatialStructures</Filter>
    </ClInclude>
    <ClInclude Include="PURE\include\internal\SpatialStructures\PureOctree.h">
      <Filter>Header Files\PURE\include\internal\SpatialStructures</Filter>
    </ClInclude>
    <ClInclude Include="PURE\include\internal\SpatialStructures\PureBoundingVolumeHierarchy.h">
      <Filter>Header Files\PURE\include\internal\SpatialStructures</Filter>
    </ClInclude>
    <ClInclude Include="Weapons\WeaponManager.h">
      <Filter>Header Files\Weapons</Filter>
    </ClInclude>
    <ClInclude Include="Audio\soloud-RELEASE_20200207\include\soloud.h">
      <Filter>Header Files\Audio\SoLoud</Filter>
    </ClInclude>
    <ClInclude Include="Audio\soloud-RELEASE_20200207\include\soloud_audiosource.h">
      <Filter>Header Files\Audio\SoLoud</Filter>
    </ClInclude>
    <ClInclude Include="Audio\soloud-RELEASE_20200207\include\soloud_bassboostfilter.h">
      <Filter>Header Files\Audio\SoLoud</Filter>
    </ClInclude>
    <ClInclude Include="Audio\soloud-RELEASE_20200207\include\soloud_biquadresonantfilter.h">
      <Filter>Header Files\Audio\SoLoud</Filter>
    </ClInclude>
    <ClInclude Include="Audio\soloud-RELEASE_20200207\include\soloud_bus.h">
      <Filter>Header Files\Audio\SoLoud</Filter>
    </ClInclude>
    <ClInclude Include="Audio\soloud-RELEASE_20200207\include\soloud_c.h">
      <Filter>Header Files\Audio\SoLoud</Filter>
    </ClInclude>
    <ClInclude Include="Audio\soloud-RELEASE_20200207\include\soloud_dcremovalfilter.h">
      <Filter>Header Files\Audio\SoLoud</Filter>
    </ClInclude>
    <ClInclude Include="Audio\soloud-RELEASE_20200207\include\soloud_echofilter.h">
      <Filter>Header Files\Audio\SoLoud</Filter>
    </ClInclude>
    <ClInclude Include="Audio\soloud-RELEASE_20200207\include\soloud_error.h">
      <Filter>Header Files\Audio\SoLoud</Filter>
    </ClInclude>
    <ClInclude Include="Audio\soloud-RELEASE_20200207\include\soloud_fader.h">
      <Filter>Header Files\Audio\SoLoud</Filter>
    </ClInclude>
    <ClInclude Include="Audio\soloud-RELEASE_20200207\include\soloud_fft.h">
      <Filter>Header Files\Audio\SoLoud</Filter>
    </ClInclude>
    <ClInclude Include="Audio\soloud-RELEASE_20200207\include\soloud_fftfilter.h">
      <Filter>Header Files\Audio\SoLoud</Filter>
    </ClInclude>
    <ClInclude Include="Audio\soloud-RELEASE_20200207\include\soloud_file.h">
      <Filter>Header Files\Audio\SoLoud</Filter>
    </ClInclude>
    <ClInclude Include="Audio\soloud-RELEASE_20200207\include\soloud_file_hack_off.h">
      <Filter>Header Files\Audio\SoLoud</Filter>
    </ClInclude>
    <ClInclude Include="Audio\soloud-RELEASE_20200207\include\soloud_file_hack_on.h">
      <Filter>Header Files\Audio\SoLoud</Filter>
    </ClInclude>
    <ClInclude Include="Audio\soloud-RELEASE_20200207\include\soloud_filter.h">
      <Filter>Header Files\Audio\SoLoud</Filter>
    </ClInclude>
    <ClInclude Include="Audio\soloud-RELEASE_20200207\include\soloud_flangerfilter.h">
      <Filter>Header Files\Audio\SoLoud</Filter>
    </ClInclude>
    <ClInclude Include="Audio\soloud-RELEASE_20200207\include\soloud_freeverbfilter.h">
      <Filter>Header Files\Audio\SoLoud</Filter>
    </ClInclude>
    <ClInclude Include="Audio\soloud-RELEASE_20200207\include\soloud_internal.h">
      <Filter>Header Files\Audio\SoLoud</Filter>
    </ClInclude>
    <ClInclude Include="Audio\soloud-RELEASE_20200207\include\soloud_lofifilter.h">
      <Filter>Header Files\Audio\SoLoud</Filter>
    </ClInclude>
    <ClInclude Include="Audio\soloud-RELEASE_20200207\include\soloud_misc.h">
      <Filter>Header Files\Audio\SoLoud</Filter>
    </ClInclude>
    <ClInclude Include="Audio\soloud-RELEASE_20200207\include\soloud_monotone.h">
      <Filter>Header Files\Audio\SoLoud</Filter>
    </ClInclude>
    <ClInclude Include="Audio\soloud-RELEASE_20200207\include\soloud_noise.h">
      <Filter>Header Files\Audio\SoLoud</Filter>
    </ClInclude>
    <ClInclude Include="Audio\soloud-RELEASE_20200207\include\soloud_openmpt.h">
      <Filter>Header Files\Audio\SoLoud</Filter>
    </ClInclude>
    <ClInclude Include="Audio\soloud-RELEASE_20200207\include\soloud_queue.h">
      <Filter>Header Files\Audio\SoLoud</Filter>
    </ClInclude>
    <ClInclude Include="Audio\soloud-RELEASE_20200207\include\soloud_robotizefilter.h">
      <Filter>Header Files\Audio\SoLoud</Filter>
    </ClInclude>
    <ClInclude Include="Audio\soloud-RELEASE_20200207\include\soloud_sfxr.h">
      <Filter>Header Files\Audio\SoLoud</Filter>
    </ClInclude>
    <ClInclude Include="Audio\soloud-RELEASE_20200207\include\soloud_speech.h">
      <Filter>Header Files\Audio\SoLoud</Filter>
    </ClInclude>
    <ClInclude Include="Audio\soloud-RELEASE_20200207\include\soloud_tedsid.h">
      <Filter>Header Files\Audio\SoLoud</Filter>
    </ClInclude>
    <ClInclude Include="Audio\soloud-RELEASE_20200207\include\soloud_thread.h">
      <Filter>Header Files\Audio\SoLoud</Filter>
    </ClInclude>
    <ClInclude Include="Audio\soloud-RELEASE_20200207\include\soloud_vic.h">
      <Filter>Header Files\Audio\SoLoud</Filter>
    </ClInclude>
    <ClInclude Include="Audio\soloud-RELEASE_20200207\include\soloud_vizsn.h">
      <Filter>Header Files\Audio\SoLoud</Filter>
    </ClInclude>
    <ClInclude Include="Audio\soloud-RELEASE_20200207\include\soloud_wav.h">
      <Filter>Header Files\Audio\SoLoud</Filter>
    </ClInclude>
    <ClInclude Include="Audio\soloud-RELEASE_20200207\include\soloud_waveshaperfilter.h">
      <Filter>Header Files\Audio\SoLoud</Filter>
    </ClInclude>
    <ClInclude Include="Audio\soloud-RELEASE_20200207\include\soloud_wavstream.h">
      <Filter>Header Files\Audio\SoLoud</Filter>
    </ClInclude>
    <ClInclude Include="PURE\include\internal\GUI\imgui-1.88\imconfig.h">
      <Filter>Header Files\PURE\include\internal\GUI</Filter>
    </ClInclude>
    <ClInclude Include="PURE\include\internal\GUI\imgui-1.88\imgui_internal.h">
      <Filter>Header Files\PURE\include\internal\GUI</Filter>
    </ClInclude>
    <ClInclude Include="PURE\include\internal\GUI\imgui-1.88\imstb_rectpack.h">
      <Filter>Header Files\PURE\include\internal\GUI</Filter>
    </ClInclude>
    <ClInclude Include="PURE\include\internal\GUI\imgui-1.88\imstb_textedit.h">
      <Filter>Header Files\PURE\include\internal\GUI</Filter>
    </ClInclude>
    <ClInclude Include="PURE\include\internal\GUI\imgui-1.88\imstb_truetype.h">
      <Filter>Header Files\PURE\include\internal\GUI</Filter>
    </ClInclude>
    <ClInclude Include="PURE\include\internal\GUI\imgui-1.88\backends\imgui_impl_opengl2.h">
      <Filter>Header Files\PURE\include\internal\GUI\Backends</Filter>
    </ClInclude>
    <ClInclude Include="PURE\include\internal\GUI\imgui-1.88\backends\imgui_impl_win32.h">
      <Filter>Header Files\PURE\include\internal\GUI\Backends</Filter>
    </ClInclude>
    <ClInclude Include="Network\PgePacket.h">
      <Filter>Header Files\Network</Filter>
    </ClInclude>
    <ClInclude Include="Network\PgeGnsWrapper.h">
      <Filter>Header Files\Network</Filter>
    </ClInclude>
    <ClInclude Include="Network\GameNetworkingSockets-1.4.0\include\steam\isteamnetworkingmessages.h">
      <Filter>Header Files\Network\GameNetworkingSockets-1.4.0</Filter>
    </ClInclude>
    <ClInclude Include="Network\GameNetworkingSockets-1.4.0\include\steam\isteamnetworkingsockets.h">
      <Filter>Header Files\Network\GameNetworkingSockets-1.4.0</Filter>
    </ClInclude>
    <ClInclude Include="Network\GameNetworkingSockets-1.4.0\include\steam\isteamnetworkingutils.h">
      <Filter>Header Files\Network\GameNetworkingSockets-1.4.0</Filter>
    </ClInclude>
    <ClInclude Include="Network\GameNetworkingSockets-1.4.0\include\steam\steam_api_common.h">
      <Filter>Header Files\Network\GameNetworkingSockets-1.4.0</Filter>
    </ClInclude>
    <ClInclude Include="Network\GameNetworkingSockets-1.4.0\include\steam\steamclientpublic.h">
      <Filter>Header Files\Network\GameNetworkingSockets-1.4.0</Filter>
    </ClInclude>
    <ClInclude Include="Network\GameNetworkingSockets-1.4.0\include\steam\steamnetworkingcustomsignaling.h">
      <Filter>Header Files\Network\GameNetworkingSockets-1.4.0</Filter>
    </ClInclude>
    <ClInclude Include="Network\GameNetworkingSockets-1.4.0\include\steam\steamnetworkingsockets.h">
      <Filter>Header Files\Network\GameNetworkingSockets-1.4.0</Filter>
    </ClInclude>
    <ClInclude Include="Network\GameNetworkingSockets-1.4.0\include\steam\steamnetworkingsockets_flat.h">
      <Filter>Header Files\Network\GameNetworkingSockets-1.4.0</Filter>
    </ClInclude>
    <ClInclude Include="Network\GameNetworkingSockets-1.4.0\include\steam\steamnetworkingtypes.h">
      <Filter>Header Files\Network\GameNetworkingSockets-1.4.0</Filter>
    </ClInclude>
    <ClInclude Include="Network\GameNetworkingSockets-1.4.0\include\steam\steamtypes.h">
      <Filter>Header Files\Network\GameNetworkingSockets-1.4.0</Filter>
    </ClInclude>
    <ClInclude Include="Network\GameNetworkingSockets-1.4.0\include\steam\steamuniverse.h">
      <Filter>Header Files\Network\GameNetworkingSockets-1.4.0</Filter>
    </ClInclude>
    <ClInclude Include="Network\PgeNetwork.h">
      <Filter>Header Files\Network</Filter>
    </ClInclude>
    <ClInclude Include="Network\PgeServer.h">
      <Filter>Header Files\Network</Filter>
    </ClInclude>
    <ClInclude Include="Network\PgeClient.h">
      <Filter>Header Files\Network</Filter>
    </ClInclude>
    <ClInclude Include="Config\PGEcfgFile.h">
      <Filter>Header Files\Config</Filter>
    </ClInclude>
    <ClInclude Include="Config\PGEcfgVariable.h">
      <Filter>Header Files\Config</Filter>
    </ClInclude>
    <ClInclude Include="Config\PGEcfgProfiles.h">
      <Filter>Header Files\Config</Filter>
    </ClInclude>
    <ClInclude Include="PURE\include\internal\Hardware\PureHwVideoDiscoverOpenGL_1_1.h">
      <Filter>Header Files\PURE\include\internal\Hardware</Filter>
    </ClInclude>
    <ClInclude Include="PURE\include\internal\Hardware\PureHwVideoDiscoverOpenGL_1_2.h">
      <Filter>Header Files\PURE\include\internal\Hardware</Filter>
    </ClInclude>
    <ClInclude Include="PURE\include\internal\Hardware\PureHwVideoDiscoverOpenGL_1_3.h">
      <Filter>Header Files\PURE\include\internal\Hardware</Filter>
    </ClInclude>
    <ClInclude Include="PURE\include\internal\Hardware\PureHwVideoDiscoverOpenGL_1_4.h">
      <Filter>Header Files\PURE\include\internal\Hardware</Filter>
    </ClInclude>
    <ClInclude Include="PURE\include\internal\Hardware\PureHwVideoDiscoverOpenGL_1_5.h">
      <Filter>Header Files\PURE\include\internal\Hardware</Filter>
    </ClInclude>
    <ClInclude Include="PURE\include\internal\Hardware\PureHwVideoDiscoverOpenGL_2_0.h">
      <Filter>Header Files\PURE\include\internal\Hardware</Filter>
    </ClInclude>
    <ClInclude Include="PURE\include\internal\Hardware\PureHwVideoDiscoverOpenGL_2_1.h">
      <Filter>Header Files\PURE\include\internal\Hardware</Filter>
    </ClInclude>
    <ClInclude Include="PURE\include\internal\Hardware\PureHwVideoDiscoverOpenGL_3_0.h">
      <Filter>Header Files\PURE\include\internal\Hardware</Filter>
    </ClInclude>
    <ClInclude Include="PURE\include\internal\Hardware\PureHwVideoDiscoverOpenGL_3_1.h">
      <Filter>Header Files\PURE\include\internal\Hardware</Filter>
    </ClInclude>
    <ClInclude Include="PURE\include\internal\Hardware\PureHwVideoDiscoverOpenGL_3_2.h">
      <Filter>Header Files\PURE\include\internal\Hardware</Filter>
    </ClInclude>
    <ClInclude Include="PURE\include\internal\Hardware\PureHwVideoDiscoverOpenGL_3_3.h">
      <Filter>Header Files\PURE\include\internal\Hardware</Filter>
    </ClInclude>
    <ClInclude Include="PURE\include\internal\Hardware\PureHwVideoDiscoverOpenGL_4_0.h">
      <Filter>Header Files\PURE\include\internal\Hardware</Filter>
    </ClInclude>
    <ClInclude Include="PURE\include\internal\Hardware\PureHwVideoDiscoverOpenGL_4_1.h">
      <Filter>Header Files\PURE\include\internal\Hardware</Filter>
    </ClInclude>
    <ClInclude Include="PURE\include\internal\Hardware\PureHwVideoDiscoverOpenGL_4_2.h">
      <Filter>Header Files\PURE\include\internal\Hardware</Filter>
    </ClInclude>
    <ClInclude Include="PURE\include\internal\Hardware\PureHwVideoDiscoverOpenGL_4_3.h">
      <Filter>Header Files\PURE\include\internal\Hardware</Filter>
    </ClInclude>
    <ClInclude Include="PURE\include\internal\Hardware\PureHwVideoDiscoverOpenGLbase.h">
      <Filter>Header Files\PURE\include\internal\Hardware</Filter>
    </ClInclude>
    <ClInclude Include="PURE\include\external\PR00FsUltimateRenderingEngine.h">
      <Filter>Header Files\PURE\include\external</Filter>
    </ClInclude>
    <ClInclude Include="Config\PgeOldNewValue.h">
      <Filter>Header Files\Config</Filter>
    </ClInclude>
    <ClInclude Include="Network\PgeGnsClient.h">
      <Filter>Header Files\Network</Filter>
    </ClInclude>
    <ClInclude Include="Network\PgeGnsServer.h">
      <Filter>Header Files\Network</Filter>
    </ClInclude>
    <ClInclude Include="Network\PgeIServerClient.h">
      <Filter>Header Files\Network</Filter>
    </ClInclude>
    <ClInclude Include="..\..\PFL\PFL\winproof88.h">
      <Filter>Header Files\PFL</Filter>
    </ClInclude>
    <ClInclude Include="..\..\Console\CConsole\src\CConsole.h">
      <Filter>Header Files\CConsole</Filter>
    </ClInclude>
    <ClInclude Include="PURE\include\external\Math\PureProjection.h">
      <Filter>Header Files\PURE\include\external\Math</Filter>
    </ClInclude>
    <ClInclude Include="PURE\include\external\GUI\imgui-1.88\imgui.h">
      <Filter>Header Files\PURE\include\external\GUI</Filter>
    </ClInclude>
    <ClInclude Include="Audio\PgeAudio.h">
      <Filter>Header Files\Audio</Filter>
    </ClInclude>
  </ItemGroup>
  <ItemGroup>
    <ClCompile Include="PGE.cpp">
      <Filter>Source Files</Filter>
    </ClCompile>
    <ClCompile Include="PGESysGFX.cpp">
      <Filter>Source Files</Filter>
    </ClCompile>
    <ClCompile Include="PGEWorldTime.cpp">
      <Filter>Source Files</Filter>
    </ClCompile>
    <ClCompile Include="PGEWorldWeather.cpp">
      <Filter>Source Files</Filter>
    </ClCompile>
    <ClCompile Include="PGEInputHandler.cpp">
      <Filter>Source Files</Filter>
    </ClCompile>
    <ClCompile Include="PGEWorld.cpp">
      <Filter>Source Files</Filter>
    </ClCompile>
    <ClCompile Include="PURE\source\PureBaseIncludes.cpp">
      <Filter>Source Files\PURE</Filter>
    </ClCompile>
    <ClCompile Include="Weapons\WeaponManager.cpp">
      <Filter>Source Files\Weapons</Filter>
    </ClCompile>
    <ClCompile Include="PURE\include\internal\GUI\imgui-1.88\imgui.cpp">
      <Filter>Source Files\PURE\GUI</Filter>
    </ClCompile>
    <ClCompile Include="PURE\include\internal\GUI\imgui-1.88\imgui_demo.cpp">
      <Filter>Source Files\PURE\GUI</Filter>
    </ClCompile>
    <ClCompile Include="PURE\include\internal\GUI\imgui-1.88\imgui_draw.cpp">
      <Filter>Source Files\PURE\GUI</Filter>
    </ClCompile>
    <ClCompile Include="PURE\include\internal\GUI\imgui-1.88\imgui_tables.cpp">
      <Filter>Source Files\PURE\GUI</Filter>
    </ClCompile>
    <ClCompile Include="PURE\include\internal\GUI\imgui-1.88\imgui_widgets.cpp">
      <Filter>Source Files\PURE\GUI</Filter>
    </ClCompile>
    <ClCompile Include="PURE\include\internal\GUI\imgui-1.88\backends\imgui_impl_opengl2.cpp">
      <Filter>Source Files\PURE\GUI\Backends</Filter>
    </ClCompile>
    <ClCompile Include="PURE\include\internal\GUI\imgui-1.88\backends\imgui_impl_win32.cpp">
      <Filter>Source Files\PURE\GUI\Backends</Filter>
    </ClCompile>
    <ClCompile Include="Network\PgeGnsWrapper.cpp">
      <Filter>Source Files\Network</Filter>
    </ClCompile>
    <ClCompile Include="Network\PgeNetwork.cpp">
      <Filter>Source Files\Network</Filter>
    </ClCompile>
    <ClCompile Include="Network\PgeServer.cpp">
      <Filter>Source Files\Network</Filter>
    </ClCompile>
    <ClCompile Include="Network\PgeClient.cpp">
      <Filter>Source Files\Network</Filter>
    </ClCompile>
    <ClCompile Include="Network\PgePacket.cpp">
      <Filter>Source Files\Network</Filter>
    </ClCompile>
    <ClCompile Include="Config\PGEcfgFile.cpp">
      <Filter>Source Files\Config</Filter>
    </ClCompile>
    <ClCompile Include="Config\PGEcfgVariable.cpp">
      <Filter>Source Files\Config</Filter>
    </ClCompile>
    <ClCompile Include="Config\PGEcfgProfiles.cpp">
      <Filter>Source Files\Config</Filter>
    </ClCompile>
    <ClCompile Include="PURE\source\Display\PureScreen.cpp">
      <Filter>Source Files\PURE\Display</Filter>
    </ClCompile>
    <ClCompile Include="PURE\source\Display\PureSharedSettings.cpp">
      <Filter>Source Files\PURE\Display</Filter>
    </ClCompile>
    <ClCompile Include="PURE\source\Display\PureWindow.cpp">
      <Filter>Source Files\PURE\Display</Filter>
    </ClCompile>
    <ClCompile Include="PURE\source\Hardware\PureHwAudio.cpp">
      <Filter>Source Files\PURE\Hardware</Filter>
    </ClCompile>
    <ClCompile Include="PURE\source\Hardware\PureHwBase.cpp">
      <Filter>Source Files\PURE\Hardware</Filter>
    </ClCompile>
    <ClCompile Include="PURE\source\Hardware\PureHwCentralProcessor.cpp">
      <Filter>Source Files\PURE\Hardware</Filter>
    </ClCompile>
    <ClCompile Include="PURE\source\Hardware\PureHwInfo.cpp">
      <Filter>Source Files\PURE\Hardware</Filter>
    </ClCompile>
    <ClCompile Include="PURE\source\Hardware\PureHwSystemMemory.cpp">
      <Filter>Source Files\PURE\Hardware</Filter>
    </ClCompile>
    <ClCompile Include="PURE\source\Hardware\PureHwVideo.cpp">
      <Filter>Source Files\PURE\Hardware</Filter>
    </ClCompile>
    <ClCompile Include="PURE\source\Hardware\PureHwVideoDiscoverOpenGLbase.cpp">
      <Filter>Source Files\PURE\Hardware</Filter>
    </ClCompile>
    <ClCompile Include="PURE\source\Material\PureColor.cpp">
      <Filter>Source Files\PURE\Material</Filter>
    </ClCompile>
    <ClCompile Include="PURE\source\Material\PureImage.cpp">
      <Filter>Source Files\PURE\Material</Filter>
    </ClCompile>
    <ClCompile Include="PURE\source\Material\PureImageManager.cpp">
      <Filter>Source Files\PURE\Material</Filter>
    </ClCompile>
    <ClCompile Include="PURE\source\Material\PureMaterial.cpp">
      <Filter>Source Files\PURE\Material</Filter>
    </ClCompile>
    <ClCompile Include="PURE\source\Material\PureMaterialManager.cpp">
      <Filter>Source Files\PURE\Material</Filter>
    </ClCompile>
    <ClCompile Include="PURE\source\Material\PureTexture.cpp">
      <Filter>Source Files\PURE\Material</Filter>
    </ClCompile>
    <ClCompile Include="PURE\source\Material\PureTextureManager.cpp">
      <Filter>Source Files\PURE\Material</Filter>
    </ClCompile>
    <ClCompile Include="PURE\source\Math\PureMatrix.cpp">
      <Filter>Source Files\PURE\Math</Filter>
    </ClCompile>
    <ClCompile Include="PURE\source\Math\PurePosUpTarget.cpp">
      <Filter>Source Files\PURE\Math</Filter>
    </ClCompile>
    <ClCompile Include="PURE\source\Math\PureScissor.cpp">
      <Filter>Source Files\PURE\Math</Filter>
    </ClCompile>
    <ClCompile Include="PURE\source\Math\PureTransformMatrix.cpp">
      <Filter>Source Files\PURE\Math</Filter>
    </ClCompile>
    <ClCompile Include="PURE\source\Math\PureVector.cpp">
      <Filter>Source Files\PURE\Math</Filter>
    </ClCompile>
    <ClCompile Include="PURE\source\Object3D\PureMesh3D.cpp">
      <Filter>Source Files\PURE\Object3D</Filter>
    </ClCompile>
    <ClCompile Include="PURE\source\Object3D\PureMesh3DManager.cpp">
      <Filter>Source Files\PURE\Object3D</Filter>
    </ClCompile>
    <ClCompile Include="PURE\source\Object3D\PureObject3D.cpp">
      <Filter>Source Files\PURE\Object3D</Filter>
    </ClCompile>
    <ClCompile Include="PURE\source\Object3D\PureObject3DManager.cpp">
      <Filter>Source Files\PURE\Object3D</Filter>
    </ClCompile>
    <ClCompile Include="PURE\source\Object3D\PureVertexTransferMode.cpp">
      <Filter>Source Files\PURE\Object3D</Filter>
    </ClCompile>
    <ClCompile Include="PURE\source\Render\PureRendererHWfixedPipe.cpp">
      <Filter>Source Files\PURE\Render</Filter>
    </ClCompile>
    <ClCompile Include="PURE\source\Render\PureRendererSWincremental.cpp">
      <Filter>Source Files\PURE\Render</Filter>
    </ClCompile>
    <ClCompile Include="PURE\source\SpatialStructures\PureAxisAlignedBoundingBox.cpp">
      <Filter>Source Files\PURE\SpatialStructures</Filter>
    </ClCompile>
    <ClCompile Include="PURE\source\SpatialStructures\PureBoundingVolumeHierarchy.cpp">
      <Filter>Source Files\PURE\SpatialStructures</Filter>
    </ClCompile>
    <ClCompile Include="PURE\source\SpatialStructures\PureOctree.cpp">
      <Filter>Source Files\PURE\SpatialStructures</Filter>
    </ClCompile>
    <ClCompile Include="PURE\source\PureCamera.cpp">
      <Filter>Source Files\PURE</Filter>
    </ClCompile>
    <ClCompile Include="PURE\source\PureFiledManager.cpp">
      <Filter>Source Files\PURE</Filter>
    </ClCompile>
    <ClCompile Include="PURE\source\PureGLextensionFuncs.cpp">
      <Filter>Source Files\PURE</Filter>
    </ClCompile>
    <ClCompile Include="PURE\source\PureGLsafeFuncs.cpp">
      <Filter>Source Files\PURE</Filter>
    </ClCompile>
    <ClCompile Include="PURE\source\PureGLsnippets.cpp">
      <Filter>Source Files\PURE</Filter>
    </ClCompile>
    <ClCompile Include="PURE\source\PureManager.cpp">
      <Filter>Source Files\PURE</Filter>
    </ClCompile>
    <ClCompile Include="PURE\source\PureUiFontWin.cpp">
      <Filter>Source Files\PURE</Filter>
    </ClCompile>
    <ClCompile Include="PURE\source\PureUiManager.cpp">
      <Filter>Source Files\PURE</Filter>
    </ClCompile>
    <ClCompile Include="PURE\source\PureUiText.cpp">
      <Filter>Source Files\PURE</Filter>
    </ClCompile>
    <ClCompile Include="PURE\source\PR00FsUltimateRenderingEngine.cpp">
      <Filter>Source Files</Filter>
    </ClCompile>
    <ClCompile Include="Network\PgeGnsClient.cpp">
      <Filter>Source Files\Network</Filter>
    </ClCompile>
    <ClCompile Include="Network\PgeGnsServer.cpp">
      <Filter>Source Files\Network</Filter>
    </ClCompile>
    <ClCompile Include="PURE\source\Math\PureProjection.cpp">
      <Filter>Source Files\PURE\Math</Filter>
    </ClCompile>
    <ClCompile Include="Audio\PgeAudio.cpp">
      <Filter>Source Files\Audio</Filter>
    </ClCompile>
  </ItemGroup>
</Project>