<?xml version="1.0" encoding="utf-8"?>
<Project ToolsVersion="4.0" xmlns="http://schemas.microsoft.com/developer/msbuild/2003">
  <ItemGroup>
    <Filter Include="Source Files">
      <UniqueIdentifier>{4FC737F1-C7A5-4376-A066-2A32D752A2FF}</UniqueIdentifier>
      <Extensions>cpp;c;cc;cxx;def;odl;idl;hpj;bat;asm;asmx</Extensions>
    </Filter>
    <Filter Include="Header Files">
      <UniqueIdentifier>{93995380-89BD-4b04-88EB-625FBE52EBFB}</UniqueIdentifier>
      <Extensions>h;hpp;hxx;hm;inl;inc;xsd</Extensions>
    </Filter>
    <Filter Include="Resource Files">
      <UniqueIdentifier>{67DA6AB6-F800-4c08-8B7A-83BB121AAD01}</UniqueIdentifier>
      <Extensions>rc;ico;cur;bmp;dlg;rc2;rct;bin;rgs;gif;jpg;jpeg;jpe;resx;tiff;tif;png;wav;mfcribbon-ms</Extensions>
    </Filter>
    <Filter Include="Header Files\CConsole">
      <UniqueIdentifier>{d053efc9-6631-42c6-b32d-460952a0e6d4}</UniqueIdentifier>
    </Filter>
    <Filter Include="Header Files\PRRE">
      <UniqueIdentifier>{864972f2-bbe7-41b2-8f97-d7e1124b8575}</UniqueIdentifier>
    </Filter>
    <Filter Include="Source Files\PRRE">
      <UniqueIdentifier>{af9fdba5-b739-4ba5-b474-e45510eadba0}</UniqueIdentifier>
    </Filter>
    <Filter Include="Header Files\PFL">
      <UniqueIdentifier>{045be79d-9daf-4bc1-81b7-1a65a2074aec}</UniqueIdentifier>
    </Filter>
    <Filter Include="Header Files\PRRE\Render">
      <UniqueIdentifier>{2d214126-eb63-49ed-ab0b-de61d3b73a66}</UniqueIdentifier>
    </Filter>
    <Filter Include="Source Files\PRRE\Render">
      <UniqueIdentifier>{ce068c33-71df-44ad-b814-61716f0005e1}</UniqueIdentifier>
    </Filter>
    <Filter Include="Source Files\PRRE\Hardware">
      <UniqueIdentifier>{22a0f45d-d649-403d-9845-f63fd7c65827}</UniqueIdentifier>
    </Filter>
    <Filter Include="Header Files\PRRE\Hardware">
      <UniqueIdentifier>{1010c20d-8e7c-4261-9db9-7e293ba50aa8}</UniqueIdentifier>
    </Filter>
    <Filter Include="Source Files\PRRE\Math">
      <UniqueIdentifier>{1dae44e2-944c-4368-9a7c-5424335f1f87}</UniqueIdentifier>
    </Filter>
    <Filter Include="Header Files\PRRE\Math">
      <UniqueIdentifier>{e7a9dd7e-d7fe-4110-b954-6196c5c7cd9e}</UniqueIdentifier>
    </Filter>
    <Filter Include="Header Files\PRRE\Display">
      <UniqueIdentifier>{824329f4-fa36-4e6c-8da6-2a6f294dcfe0}</UniqueIdentifier>
    </Filter>
    <Filter Include="Source Files\PRRE\Display">
      <UniqueIdentifier>{b0958693-d94e-4333-9c51-a73234b962d0}</UniqueIdentifier>
    </Filter>
    <Filter Include="Source Files\PRRE\Material">
      <UniqueIdentifier>{3f4b8d04-d2b0-49b3-93b7-21a3737248c7}</UniqueIdentifier>
    </Filter>
    <Filter Include="Header Files\PRRE\Material">
      <UniqueIdentifier>{fb719b1e-8198-4d03-96bb-c819666c1f46}</UniqueIdentifier>
    </Filter>
    <Filter Include="Header Files\PRRE\Object3D">
      <UniqueIdentifier>{794ea4f9-1e22-4d9a-a8ee-4b0775a0dda6}</UniqueIdentifier>
    </Filter>
    <Filter Include="Source Files\PRRE\Object3D">
      <UniqueIdentifier>{7db81dcf-0921-4788-bcba-80b8862af787}</UniqueIdentifier>
    </Filter>
  </ItemGroup>
  <ItemGroup>
    <ClInclude Include="PGE.h">
      <Filter>Header Files</Filter>
    </ClInclude>
    <ClInclude Include="PGEconsts.h">
      <Filter>Header Files</Filter>
    </ClInclude>
    <ClInclude Include="PGEincludes.h">
      <Filter>Header Files</Filter>
    </ClInclude>
    <ClInclude Include="PGEpragmas.h">
      <Filter>Header Files</Filter>
    </ClInclude>
    <ClInclude Include="PGESysCFG.h">
      <Filter>Header Files</Filter>
    </ClInclude>
    <ClInclude Include="PGESysGFX.h">
      <Filter>Header Files</Filter>
    </ClInclude>
    <ClInclude Include="PGESysNET.h">
      <Filter>Header Files</Filter>
    </ClInclude>
    <ClInclude Include="PGESysSFX.h">
      <Filter>Header Files</Filter>
    </ClInclude>
    <ClInclude Include="PRRE\PR00FsReducedRenderingEngine.h">
      <Filter>Header Files\PRRE</Filter>
    </ClInclude>
    <ClInclude Include="PRRE\PRREBaseClass.h">
      <Filter>Header Files\PRRE</Filter>
    </ClInclude>
    <ClInclude Include="PRRE\PRREbaseIncludes.h">
      <Filter>Header Files\PRRE</Filter>
    </ClInclude>
    <ClInclude Include="PRRE\PRREconsts.h">
      <Filter>Header Files\PRRE</Filter>
    </ClInclude>
    <ClInclude Include="PRRE\PRREFiledManager.h">
      <Filter>Header Files\PRRE</Filter>
    </ClInclude>
    <ClInclude Include="PRRE\PRREGLextensionFuncs.h">
      <Filter>Header Files\PRRE</Filter>
    </ClInclude>
    <ClInclude Include="PRRE\PRREGLsnippets.h">
      <Filter>Header Files\PRRE</Filter>
    </ClInclude>
    <ClInclude Include="PRRE\PRREManager.h">
      <Filter>Header Files\PRRE</Filter>
    </ClInclude>
    <ClInclude Include="PRRE\PRREpragmas.h">
      <Filter>Header Files\PRRE</Filter>
    </ClInclude>
    <ClInclude Include="PRRE\PRREtypes.h">
      <Filter>Header Files\PRRE</Filter>
    </ClInclude>
    <ClInclude Include="PGEInputHandler.h">
      <Filter>Header Files</Filter>
    </ClInclude>
    <ClInclude Include="PRRE\PRRECamera.h">
      <Filter>Header Files\PRRE</Filter>
    </ClInclude>
    <ClInclude Include="PGEcfgVariable.h">
      <Filter>Header Files</Filter>
    </ClInclude>
    <ClInclude Include="PGEWorld.h">
      <Filter>Header Files</Filter>
    </ClInclude>
    <ClInclude Include="PGEWorldTime.h">
      <Filter>Header Files</Filter>
    </ClInclude>
    <ClInclude Include="PRRE\PRREuiManager.h">
      <Filter>Header Files\PRRE</Filter>
    </ClInclude>
    <ClInclude Include="PRRE\PRREuiText.h">
      <Filter>Header Files\PRRE</Filter>
    </ClInclude>
    <ClInclude Include="PRRE\PRREuiFontWin.h">
      <Filter>Header Files\PRRE</Filter>
    </ClInclude>
    <ClInclude Include="PGEWorldWeather.h">
      <Filter>Header Files</Filter>
    </ClInclude>
    <ClInclude Include="PRRE\PRREallHeaders.h">
      <Filter>Header Files\PRRE</Filter>
    </ClInclude>
    <ClInclude Include="PGEallHeaders.h">
      <Filter>Header Files</Filter>
    </ClInclude>
    <ClInclude Include="..\..\g3t\g3t\g3t.h">
      <Filter>Header Files\PRRE</Filter>
    </ClInclude>
    <ClInclude Include="PRRE\Render\PRREIRenderer.h">
      <Filter>Header Files\PRRE\Render</Filter>
    </ClInclude>
    <ClInclude Include="PRRE\Render\PRRERendererHWfixedPipe.h">
      <Filter>Header Files\PRRE\Render</Filter>
    </ClInclude>
    <ClInclude Include="PRRE\Render\PRRERendererSWincremental.h">
      <Filter>Header Files\PRRE\Render</Filter>
    </ClInclude>
    <ClInclude Include="PRRE\Render\PRREIIncrementalRenderPipeline.h">
      <Filter>Header Files\PRRE\Render</Filter>
    </ClInclude>
    <ClInclude Include="PRRE\Render\PRREIRenderable.h">
      <Filter>Header Files\PRRE\Render</Filter>
    </ClInclude>
    <ClInclude Include="..\..\PFL\PFL\PFL.h">
      <Filter>Header Files\PFL</Filter>
    </ClInclude>
    <ClInclude Include="..\..\CConsole\CConsole\src\CConsole.h">
      <Filter>Header Files\CConsole</Filter>
    </ClInclude>
    <ClInclude Include="PRRE\Hardware\PRREhwAudio.h">
      <Filter>Header Files\PRRE\Hardware</Filter>
    </ClInclude>
    <ClInclude Include="PRRE\Hardware\PRREhwBase.h">
      <Filter>Header Files\PRRE\Hardware</Filter>
    </ClInclude>
    <ClInclude Include="PRRE\Hardware\PRREhwCentralProcessor.h">
      <Filter>Header Files\PRRE\Hardware</Filter>
    </ClInclude>
    <ClInclude Include="PRRE\Hardware\PRREhwInfo.h">
      <Filter>Header Files\PRRE\Hardware</Filter>
    </ClInclude>
    <ClInclude Include="PRRE\Hardware\PRREhwSystemMemory.h">
      <Filter>Header Files\PRRE\Hardware</Filter>
    </ClInclude>
    <ClInclude Include="PRRE\Hardware\PRREhwVideo.h">
      <Filter>Header Files\PRRE\Hardware</Filter>
    </ClInclude>
    <ClInclude Include="PRRE\Math\PRREMatrix.h">
      <Filter>Header Files\PRRE\Math</Filter>
    </ClInclude>
    <ClInclude Include="PRRE\Math\PRREPosUpTarget.h">
      <Filter>Header Files\PRRE\Math</Filter>
    </ClInclude>
    <ClInclude Include="PRRE\Math\PRRETransformMatrix.h">
      <Filter>Header Files\PRRE\Math</Filter>
    </ClInclude>
    <ClInclude Include="PRRE\Math\PRREVector.h">
      <Filter>Header Files\PRRE\Math</Filter>
    </ClInclude>
    <ClInclude Include="PRRE\Math\PUREScissor.h">
      <Filter>Header Files\PRRE\Math</Filter>
    </ClInclude>
    <ClInclude Include="PRRE\Display\PRREScreen.h">
      <Filter>Header Files\PRRE\Display</Filter>
    </ClInclude>
    <ClInclude Include="PRRE\Display\PRRESharedSettings.h">
      <Filter>Header Files\PRRE\Display</Filter>
    </ClInclude>
    <ClInclude Include="PRRE\Display\PRREWindow.h">
      <Filter>Header Files\PRRE\Display</Filter>
    </ClInclude>
    <ClInclude Include="PRRE\Material\PRREColor.h">
      <Filter>Header Files\PRRE\Material</Filter>
    </ClInclude>
    <ClInclude Include="PRRE\Material\PRREImageImpl.h">
      <Filter>Header Files\PRRE\Material</Filter>
    </ClInclude>
    <ClInclude Include="PRRE\Material\PRREImageManager.h">
      <Filter>Header Files\PRRE\Material</Filter>
    </ClInclude>
    <ClInclude Include="PRRE\Material\PRREMaterialImpl.h">
      <Filter>Header Files\PRRE\Material</Filter>
    </ClInclude>
    <ClInclude Include="PRRE\Material\PRREMaterialManager.h">
      <Filter>Header Files\PRRE\Material</Filter>
    </ClInclude>
    <ClInclude Include="PRRE\Material\PRRETextureImpl.h">
      <Filter>Header Files\PRRE\Material</Filter>
    </ClInclude>
    <ClInclude Include="PRRE\Material\PRRETextureManager.h">
      <Filter>Header Files\PRRE\Material</Filter>
    </ClInclude>
    <ClInclude Include="PRRE\Object3D\PRREObject3DImpl.h">
      <Filter>Header Files\PRRE\Object3D</Filter>
    </ClInclude>
    <ClInclude Include="PRRE\Object3D\PRREObject3DManager.h">
      <Filter>Header Files\PRRE\Object3D</Filter>
    </ClInclude>
    <ClInclude Include="PRRE\Hardware\PRREhwVideoDiscoverOpenGLbase.h">
      <Filter>Header Files\PRRE\Hardware</Filter>
    </ClInclude>
    <ClInclude Include="PRRE\Hardware\PRREhwVideoDiscoverOpenGL_1_1.h">
      <Filter>Header Files\PRRE\Hardware</Filter>
    </ClInclude>
    <ClInclude Include="PRRE\Hardware\PRREhwVideoDiscoverOpenGL_1_2.h">
      <Filter>Header Files\PRRE\Hardware</Filter>
    </ClInclude>
    <ClInclude Include="PRRE\Hardware\PRREhwVideoDiscoverOpenGL_1_3.h">
      <Filter>Header Files\PRRE\Hardware</Filter>
    </ClInclude>
    <ClInclude Include="PRRE\Hardware\PRREhwVideoDiscoverOpenGL_1_4.h">
      <Filter>Header Files\PRRE\Hardware</Filter>
    </ClInclude>
    <ClInclude Include="PRRE\Hardware\PRREhwVideoDiscoverOpenGL_1_5.h">
      <Filter>Header Files\PRRE\Hardware</Filter>
    </ClInclude>
    <ClInclude Include="PRRE\Hardware\PRREhwVideoDiscoverOpenGL_2_0.h">
      <Filter>Header Files\PRRE\Hardware</Filter>
    </ClInclude>
    <ClInclude Include="PRRE\Hardware\PRREhwVideoDiscoverOpenGL_2_1.h">
      <Filter>Header Files\PRRE\Hardware</Filter>
    </ClInclude>
    <ClInclude Include="PRRE\Hardware\PRREhwVideoDiscoverOpenGL_3_0.h">
      <Filter>Header Files\PRRE\Hardware</Filter>
    </ClInclude>
    <ClInclude Include="PRRE\Hardware\PRREhwVideoDiscoverOpenGL_3_1.h">
      <Filter>Header Files\PRRE\Hardware</Filter>
    </ClInclude>
    <ClInclude Include="PRRE\Hardware\PRREhwVideoDiscoverOpenGL_3_2.h">
      <Filter>Header Files\PRRE\Hardware</Filter>
    </ClInclude>
    <ClInclude Include="PRRE\Hardware\PRREhwVideoDiscoverOpenGL_3_3.h">
      <Filter>Header Files\PRRE\Hardware</Filter>
    </ClInclude>
    <ClInclude Include="PRRE\Hardware\PRREhwVideoDiscoverOpenGL_4_0.h">
      <Filter>Header Files\PRRE\Hardware</Filter>
    </ClInclude>
    <ClInclude Include="PRRE\Hardware\PRREhwVideoDiscoverOpenGL_4_1.h">
      <Filter>Header Files\PRRE\Hardware</Filter>
    </ClInclude>
    <ClInclude Include="PRRE\Hardware\PRREhwVideoDiscoverOpenGL_4_2.h">
      <Filter>Header Files\PRRE\Hardware</Filter>
    </ClInclude>
    <ClInclude Include="PRRE\Hardware\PRREhwVideoDiscoverOpenGL_4_3.h">
      <Filter>Header Files\PRRE\Hardware</Filter>
    </ClInclude>
  </ItemGroup>
  <ItemGroup>
    <ClCompile Include="PGE.cpp">
      <Filter>Source Files</Filter>
    </ClCompile>
    <ClCompile Include="PGESysCFG.cpp">
      <Filter>Source Files</Filter>
    </ClCompile>
    <ClCompile Include="PGESysGFX.cpp">
      <Filter>Source Files</Filter>
    </ClCompile>
    <ClCompile Include="PGESysNET.cpp">
      <Filter>Source Files</Filter>
    </ClCompile>
    <ClCompile Include="PGESysSFX.cpp">
      <Filter>Source Files</Filter>
    </ClCompile>
    <ClCompile Include="PRRE\PRREManager.cpp">
      <Filter>Source Files\PRRE</Filter>
    </ClCompile>
    <ClCompile Include="PRRE\PRREGLsnippets.cpp">
      <Filter>Source Files\PRRE</Filter>
    </ClCompile>
    <ClCompile Include="PRRE\PRREGLextensionFuncs.cpp">
      <Filter>Source Files\PRRE</Filter>
    </ClCompile>
    <ClCompile Include="PRRE\PRREFiledManager.cpp">
      <Filter>Source Files\PRRE</Filter>
    </ClCompile>
    <ClCompile Include="PRRE\PRREBaseClass.cpp">
      <Filter>Source Files\PRRE</Filter>
    </ClCompile>
    <ClCompile Include="PRRE\PR00FsReducedRenderingEngine.cpp">
      <Filter>Source Files\PRRE</Filter>
    </ClCompile>
    <ClCompile Include="PGEcfgVariable.cpp">
      <Filter>Source Files</Filter>
    </ClCompile>
    <ClCompile Include="PGEWorldTime.cpp">
      <Filter>Source Files</Filter>
    </ClCompile>
    <ClCompile Include="PGEWorldWeather.cpp">
      <Filter>Source Files</Filter>
    </ClCompile>
    <ClCompile Include="PGEInputHandler.cpp">
      <Filter>Source Files</Filter>
    </ClCompile>
    <ClCompile Include="PRRE\PRRECamera.cpp">
      <Filter>Source Files\PRRE</Filter>
    </ClCompile>
    <ClCompile Include="PRRE\PRREuiManager.cpp">
      <Filter>Source Files\PRRE</Filter>
    </ClCompile>
    <ClCompile Include="PGEWorld.cpp">
      <Filter>Source Files</Filter>
    </ClCompile>
    <ClCompile Include="PRRE\PRREuiFontWin.cpp">
      <Filter>Source Files\PRRE</Filter>
    </ClCompile>
    <ClCompile Include="PRRE\PRREuiText.cpp">
      <Filter>Source Files\PRRE</Filter>
    </ClCompile>
    <ClCompile Include="PRRE\PRREbaseIncludes.cpp">
      <Filter>Source Files\PRRE</Filter>
    </ClCompile>
    <ClCompile Include="PRRE\Render\PRRERendererHWfixedPipe.cpp">
      <Filter>Source Files\PRRE\Render</Filter>
    </ClCompile>
    <ClCompile Include="PRRE\Render\PRRERendererSWincremental.cpp">
      <Filter>Source Files\PRRE\Render</Filter>
    </ClCompile>
    <ClCompile Include="PRRE\Hardware\PRREhwAudio.cpp">
      <Filter>Source Files\PRRE\Hardware</Filter>
    </ClCompile>
    <ClCompile Include="PRRE\Hardware\PRREhwBase.cpp">
      <Filter>Source Files\PRRE\Hardware</Filter>
    </ClCompile>
    <ClCompile Include="PRRE\Hardware\PRREhwCentralProcessor.cpp">
      <Filter>Source Files\PRRE\Hardware</Filter>
    </ClCompile>
    <ClCompile Include="PRRE\Hardware\PRREhwInfo.cpp">
      <Filter>Source Files\PRRE\Hardware</Filter>
    </ClCompile>
    <ClCompile Include="PRRE\Hardware\PRREhwSystemMemory.cpp">
      <Filter>Source Files\PRRE\Hardware</Filter>
    </ClCompile>
    <ClCompile Include="PRRE\Hardware\PRREhwVideo.cpp">
      <Filter>Source Files\PRRE\Hardware</Filter>
    </ClCompile>
    <ClCompile Include="PRRE\Math\PRREMatrix.cpp">
      <Filter>Source Files\PRRE\Math</Filter>
    </ClCompile>
    <ClCompile Include="PRRE\Math\PRREPosUpTarget.cpp">
      <Filter>Source Files\PRRE\Math</Filter>
    </ClCompile>
    <ClCompile Include="PRRE\Math\PRRETransformMatrix.cpp">
      <Filter>Source Files\PRRE\Math</Filter>
    </ClCompile>
    <ClCompile Include="PRRE\Math\PRREVector.cpp">
      <Filter>Source Files\PRRE\Math</Filter>
    </ClCompile>
    <ClCompile Include="PRRE\Math\PUREScissor.cpp">
      <Filter>Source Files\PRRE\Math</Filter>
    </ClCompile>
    <ClCompile Include="PRRE\Display\PRREScreen.cpp">
      <Filter>Source Files\PRRE\Display</Filter>
    </ClCompile>
    <ClCompile Include="PRRE\Display\PRRESharedSettings.cpp">
      <Filter>Source Files\PRRE\Display</Filter>
    </ClCompile>
    <ClCompile Include="PRRE\Display\PRREWindow.cpp">
      <Filter>Source Files\PRRE\Display</Filter>
    </ClCompile>
    <ClCompile Include="PRRE\Material\PRREColor.cpp">
      <Filter>Source Files\PRRE\Material</Filter>
    </ClCompile>
    <ClCompile Include="PRRE\Material\PRREImage.cpp">
      <Filter>Source Files\PRRE\Material</Filter>
    </ClCompile>
    <ClCompile Include="PRRE\Material\PRREImageManager.cpp">
      <Filter>Source Files\PRRE\Material</Filter>
    </ClCompile>
    <ClCompile Include="PRRE\Material\PRREMaterial.cpp">
      <Filter>Source Files\PRRE\Material</Filter>
    </ClCompile>
    <ClCompile Include="PRRE\Material\PRREMaterialManager.cpp">
      <Filter>Source Files\PRRE\Material</Filter>
    </ClCompile>
    <ClCompile Include="PRRE\Material\PRRETexture.cpp">
      <Filter>Source Files\PRRE\Material</Filter>
    </ClCompile>
    <ClCompile Include="PRRE\Material\PRRETextureManager.cpp">
      <Filter>Source Files\PRRE\Material</Filter>
    </ClCompile>
    <ClCompile Include="PRRE\Object3D\PRREObject3D.cpp">
      <Filter>Source Files\PRRE\Object3D</Filter>
    </ClCompile>
    <ClCompile Include="PRRE\Object3D\PRREObject3DManager.cpp">
      <Filter>Source Files\PRRE\Object3D</Filter>
    </ClCompile>
    <ClCompile Include="PRRE\Hardware\PRREhwVideoDiscoverOpenGLbase.cpp">
      <Filter>Source Files\PRRE\Hardware</Filter>
    </ClCompile>
  </ItemGroup>
</Project>