<?xml version="1.0" encoding="utf-8"?>
<Project ToolsVersion="4.0" xmlns="http://schemas.microsoft.com/developer/msbuild/2003">
  <ItemGroup>
    <Filter Include="Source Files">
      <UniqueIdentifier>{4FC737F1-C7A5-4376-A066-2A32D752A2FF}</UniqueIdentifier>
      <Extensions>cpp;c;cc;cxx;def;odl;idl;hpj;bat;asm;asmx</Extensions>
    </Filter>
    <Filter Include="Header Files">
      <UniqueIdentifier>{93995380-89BD-4b04-88EB-625FBE52EBFB}</UniqueIdentifier>
      <Extensions>h;hpp;hxx;hm;inl;inc;xsd</Extensions>
    </Filter>
    <Filter Include="Resource Files">
      <UniqueIdentifier>{67DA6AB6-F800-4c08-8B7A-83BB121AAD01}</UniqueIdentifier>
      <Extensions>rc;ico;cur;bmp;dlg;rc2;rct;bin;rgs;gif;jpg;jpeg;jpe;resx;tiff;tif;png;wav;mfcribbon-ms</Extensions>
    </Filter>
    <Filter Include="Header Files\CConsole">
      <UniqueIdentifier>{78172d96-9e84-4b77-87c7-7715bf9f6be6}</UniqueIdentifier>
    </Filter>
    <Filter Include="Header Files\PGE">
      <UniqueIdentifier>{3494da01-8940-4523-af71-24f9aa5e7ec6}</UniqueIdentifier>
    </Filter>
    <Filter Include="Header Files\PGE\PRRE">
      <UniqueIdentifier>{4be74e34-3d87-418d-bebe-aca6f35fb1bc}</UniqueIdentifier>
    </Filter>
    <Filter Include="Header Files\PFL">
      <UniqueIdentifier>{463a06f9-cffb-4c37-baa4-b141edf7c4bc}</UniqueIdentifier>
    </Filter>
    <Filter Include="Header Files\PGE\PRRE\Hardware">
      <UniqueIdentifier>{1e2455aa-9b57-4643-b32b-51848e39c2fe}</UniqueIdentifier>
    </Filter>
    <Filter Include="Header Files\PGE\PRRE\Math">
      <UniqueIdentifier>{edc024e1-949d-4697-bb4e-828a352fcfae}</UniqueIdentifier>
    </Filter>
    <Filter Include="Header Files\PGE\PRRE\Display">
      <UniqueIdentifier>{cf6a6be9-8486-4a86-9dc0-28eb26835fa2}</UniqueIdentifier>
    </Filter>
    <Filter Include="Header Files\PGE\PRRE\Material">
      <UniqueIdentifier>{12a0fb52-cd97-4623-9cc0-e844fa4f62d8}</UniqueIdentifier>
    </Filter>
    <Filter Include="Header Files\PGE\PRRE\Object3D">
      <UniqueIdentifier>{4c7546c9-a147-487d-b264-d810e91eece3}</UniqueIdentifier>
    </Filter>
    <Filter Include="Header Files\PGE\PRRE\Render">
      <UniqueIdentifier>{dd6585fd-c4c9-4d27-8666-250ac9293910}</UniqueIdentifier>
    </Filter>
  </ItemGroup>
  <ItemGroup>
    <ClInclude Include="PR00FsReducedRenderingEngineTest.h">
      <Filter>Header Files</Filter>
    </ClInclude>
    <ClInclude Include="PR00FsReducedRenderingEngineTest2.h">
      <Filter>Header Files</Filter>
    </ClInclude>
    <ClInclude Include="PRREColorTest.h">
      <Filter>Header Files</Filter>
    </ClInclude>
    <ClInclude Include="PRREFiledManagedTest.h">
      <Filter>Header Files</Filter>
    </ClInclude>
    <ClInclude Include="PRREFiledManagerTest.h">
      <Filter>Header Files</Filter>
    </ClInclude>
    <ClInclude Include="PRREImageManagerTest.h">
      <Filter>Header Files</Filter>
    </ClInclude>
    <ClInclude Include="PRREImageTest.h">
      <Filter>Header Files</Filter>
    </ClInclude>
    <ClInclude Include="PRREManagedTest.h">
      <Filter>Header Files</Filter>
    </ClInclude>
    <ClInclude Include="PRREManagerTest.h">
      <Filter>Header Files</Filter>
    </ClInclude>
    <ClInclude Include="PRREMatrixTest.h">
      <Filter>Header Files</Filter>
    </ClInclude>
    <ClInclude Include="PRREScreenTest.h">
      <Filter>Header Files</Filter>
    </ClInclude>
    <ClInclude Include="PRRESharedSettingsTest.h">
      <Filter>Header Files</Filter>
    </ClInclude>
    <ClInclude Include="PRRETextureManagerTest.h">
      <Filter>Header Files</Filter>
    </ClInclude>
    <ClInclude Include="PRRETextureTest.h">
      <Filter>Header Files</Filter>
    </ClInclude>
    <ClInclude Include="PRREVectorTest.h">
      <Filter>Header Files</Filter>
    </ClInclude>
    <ClInclude Include="..\PGE.h">
      <Filter>Header Files\PGE</Filter>
    </ClInclude>
    <ClInclude Include="..\PGESysCFG.h">
      <Filter>Header Files\PGE</Filter>
    </ClInclude>
    <ClInclude Include="PRREWindowTest.h">
      <Filter>Header Files</Filter>
    </ClInclude>
    <ClInclude Include="PRREWindowTest2.h">
      <Filter>Header Files</Filter>
    </ClInclude>
    <ClInclude Include="..\PGEInputHandler.h">
      <Filter>Header Files\PGE</Filter>
    </ClInclude>
    <ClInclude Include="PFLTest.h">
      <Filter>Header Files</Filter>
    </ClInclude>
    <ClInclude Include="PRREObject3DManagerTest.h">
      <Filter>Header Files</Filter>
    </ClInclude>
    <ClInclude Include="PRREObject3DTest.h">
      <Filter>Header Files</Filter>
    </ClInclude>
    <ClInclude Include="PRREhwInfoTest.h">
      <Filter>Header Files</Filter>
    </ClInclude>
    <ClInclude Include="PRREhwAudioTest.h">
      <Filter>Header Files</Filter>
    </ClInclude>
    <ClInclude Include="PRREhwVideoTest.h">
      <Filter>Header Files</Filter>
    </ClInclude>
    <ClInclude Include="PRREhwCentralProcessorTest.h">
      <Filter>Header Files</Filter>
    </ClInclude>
    <ClInclude Include="PRREhwSystemMemoryTest.h">
      <Filter>Header Files</Filter>
    </ClInclude>
    <ClInclude Include="PGESysCFGTest.h">
      <Filter>Header Files</Filter>
    </ClInclude>
    <ClInclude Include="..\PGEcfgVariable.h">
      <Filter>Header Files\PGE</Filter>
    </ClInclude>
    <ClInclude Include="PGEcfgVariableTest.h">
      <Filter>Header Files</Filter>
    </ClInclude>
    <ClInclude Include="..\PGEWorld.h">
      <Filter>Header Files\PGE</Filter>
    </ClInclude>
    <ClInclude Include="..\PGEWorldTime.h">
      <Filter>Header Files\PGE</Filter>
    </ClInclude>
    <ClInclude Include="..\PGEWorldWeather.h">
      <Filter>Header Files\PGE</Filter>
    </ClInclude>
    <ClInclude Include="UnitTest.h">
      <Filter>Header Files</Filter>
    </ClInclude>
    <ClInclude Include="..\PGEallHeaders.h">
      <Filter>Header Files\PGE</Filter>
    </ClInclude>
    <ClInclude Include="PRREMaterialManagerTest.h">
      <Filter>Header Files</Filter>
    </ClInclude>
    <ClInclude Include="PRREMaterialTest.h">
      <Filter>Header Files</Filter>
    </ClInclude>
    <ClInclude Include="PRRECameraTest.h">
      <Filter>Header Files</Filter>
    </ClInclude>
    <ClInclude Include="..\..\..\CConsole\CConsole\src\CConsole.h">
      <Filter>Header Files\CConsole</Filter>
    </ClInclude>
    <ClInclude Include="..\..\..\PFL\PFL\PFL.h">
      <Filter>Header Files\PFL</Filter>
    </ClInclude>
    <ClInclude Include="PRREScissorTest.h">
      <Filter>Header Files</Filter>
    </ClInclude>
    <ClInclude Include="PRREPosUpTargetTest.h">
      <Filter>Header Files</Filter>
    </ClInclude>
    <ClInclude Include="PRRETransformMatrixTest.h">
      <Filter>Header Files</Filter>
    </ClInclude>
    <ClInclude Include="PRREMesh3DManagerTest.h">
      <Filter>Header Files</Filter>
    </ClInclude>
    <ClInclude Include="PRREMesh3DTest.h">
      <Filter>Header Files</Filter>
    </ClInclude>
    <ClInclude Include="PRREVertexTransferTest.h">
      <Filter>Header Files</Filter>
    </ClInclude>
    <ClInclude Include="..\PRRE\include\external\Display\PRREScreen.h">
      <Filter>Header Files\PGE\PRRE\Display</Filter>
    </ClInclude>
    <ClInclude Include="..\PRRE\include\external\Display\PRREWindow.h">
      <Filter>Header Files\PGE\PRRE\Display</Filter>
    </ClInclude>
    <ClInclude Include="..\PRRE\include\external\Hardware\PRREhwAudio.h">
      <Filter>Header Files\PGE\PRRE\Hardware</Filter>
    </ClInclude>
    <ClInclude Include="..\PRRE\include\external\Hardware\PRREhwBase.h">
      <Filter>Header Files\PGE\PRRE\Hardware</Filter>
    </ClInclude>
    <ClInclude Include="..\PRRE\include\external\Hardware\PRREhwCentralProcessor.h">
      <Filter>Header Files\PGE\PRRE\Hardware</Filter>
    </ClInclude>
    <ClInclude Include="..\PRRE\include\external\Hardware\PRREhwInfo.h">
      <Filter>Header Files\PGE\PRRE\Hardware</Filter>
    </ClInclude>
    <ClInclude Include="..\PRRE\include\external\Hardware\PRREhwSystemMemory.h">
      <Filter>Header Files\PGE\PRRE\Hardware</Filter>
    </ClInclude>
    <ClInclude Include="..\PRRE\include\external\Hardware\PRREhwVideo.h">
      <Filter>Header Files\PGE\PRRE\Hardware</Filter>
    </ClInclude>
    <ClInclude Include="..\PRRE\include\external\Material\PRREColor.h">
      <Filter>Header Files\PGE\PRRE\Material</Filter>
    </ClInclude>
    <ClInclude Include="..\PRRE\include\external\Material\PRREImageManager.h">
      <Filter>Header Files\PGE\PRRE\Material</Filter>
    </ClInclude>
    <ClInclude Include="..\PRRE\include\external\Material\PRREMaterialManager.h">
      <Filter>Header Files\PGE\PRRE\Material</Filter>
    </ClInclude>
    <ClInclude Include="..\PRRE\include\external\Material\PRRETextureManager.h">
      <Filter>Header Files\PGE\PRRE\Material</Filter>
    </ClInclude>
    <ClInclude Include="..\PRRE\include\external\Math\PRREMatrix.h">
      <Filter>Header Files\PGE\PRRE\Math</Filter>
    </ClInclude>
    <ClInclude Include="..\PRRE\include\external\Math\PRREPosUpTarget.h">
      <Filter>Header Files\PGE\PRRE\Math</Filter>
    </ClInclude>
    <ClInclude Include="..\PRRE\include\external\Math\PRRETransformMatrix.h">
      <Filter>Header Files\PGE\PRRE\Math</Filter>
    </ClInclude>
    <ClInclude Include="..\PRRE\include\external\Math\PRREVector.h">
      <Filter>Header Files\PGE\PRRE\Math</Filter>
    </ClInclude>
    <ClInclude Include="..\PRRE\include\external\Object3D\PRREMesh3DManager.h">
      <Filter>Header Files\PGE\PRRE\Object3D</Filter>
    </ClInclude>
    <ClInclude Include="..\PRRE\include\external\Object3D\PRREObject3DManager.h">
      <Filter>Header Files\PGE\PRRE\Object3D</Filter>
    </ClInclude>
    <ClInclude Include="..\PRRE\include\external\Object3D\PRREVertexTransferMode.h">
      <Filter>Header Files\PGE\PRRE\Object3D</Filter>
    </ClInclude>
    <ClInclude Include="..\PRRE\include\external\Render\PRREIIncrementalRenderPipeline.h">
      <Filter>Header Files\PGE\PRRE\Render</Filter>
    </ClInclude>
    <ClInclude Include="..\PRRE\include\external\Render\PRREIRenderable.h">
      <Filter>Header Files\PGE\PRRE\Render</Filter>
    </ClInclude>
    <ClInclude Include="..\PRRE\include\external\Render\PRREIRenderer.h">
      <Filter>Header Files\PGE\PRRE\Render</Filter>
    </ClInclude>
    <ClInclude Include="..\PRRE\include\external\Render\PRRERendererHWfixedPipe.h">
      <Filter>Header Files\PGE\PRRE\Render</Filter>
    </ClInclude>
    <ClInclude Include="..\PRRE\include\external\Render\PRRERendererSWincremental.h">
      <Filter>Header Files\PGE\PRRE\Render</Filter>
    </ClInclude>
    <ClInclude Include="..\PRRE\include\external\PR00FsReducedRenderingEngine.h">
      <Filter>Header Files\PGE\PRRE</Filter>
    </ClInclude>
    <ClInclude Include="..\PRRE\include\external\PRREallHeaders.h">
      <Filter>Header Files\PGE\PRRE</Filter>
    </ClInclude>
    <ClInclude Include="..\PRRE\include\external\PRRECamera.h">
      <Filter>Header Files\PGE\PRRE</Filter>
    </ClInclude>
    <ClInclude Include="..\PRRE\include\external\PRREFiledManager.h">
      <Filter>Header Files\PGE\PRRE</Filter>
    </ClInclude>
    <ClInclude Include="..\PRRE\include\external\PRREManager.h">
      <Filter>Header Files\PGE\PRRE</Filter>
    </ClInclude>
    <ClInclude Include="..\PRRE\include\external\PRREtypes.h">
      <Filter>Header Files\PGE\PRRE</Filter>
    </ClInclude>
    <ClInclude Include="..\PRRE\include\external\PRREuiManager.h">
      <Filter>Header Files\PGE\PRRE</Filter>
    </ClInclude>
    <ClInclude Include="PRREAxisAlignedBoundingBoxTest.h">
      <Filter>Header Files</Filter>
    </ClInclude>
    <ClInclude Include="PRREOctreeTest.h">
      <Filter>Header Files</Filter>
    </ClInclude>
  </ItemGroup>
  <ItemGroup>
    <ClCompile Include="UnitTests.cpp">
      <Filter>Source Files</Filter>
    </ClCompile>
    <ClCompile Include="UnitTest.cpp">
      <Filter>Source Files</Filter>
    </ClCompile>
  </ItemGroup>
</Project>