<?xml version="1.0" encoding="utf-8"?>
<Project ToolsVersion="4.0" xmlns="http://schemas.microsoft.com/developer/msbuild/2003">
  <ItemGroup>
    <Filter Include="Source Files">
      <UniqueIdentifier>{4FC737F1-C7A5-4376-A066-2A32D752A2FF}</UniqueIdentifier>
      <Extensions>cpp;c;cc;cxx;def;odl;idl;hpj;bat;asm;asmx</Extensions>
    </Filter>
    <Filter Include="Header Files">
      <UniqueIdentifier>{93995380-89BD-4b04-88EB-625FBE52EBFB}</UniqueIdentifier>
      <Extensions>h;hpp;hxx;hm;inl;inc;xsd</Extensions>
    </Filter>
    <Filter Include="Resource Files">
      <UniqueIdentifier>{67DA6AB6-F800-4c08-8B7A-83BB121AAD01}</UniqueIdentifier>
      <Extensions>rc;ico;cur;bmp;dlg;rc2;rct;bin;rgs;gif;jpg;jpeg;jpe;resx;tiff;tif;png;wav;mfcribbon-ms</Extensions>
    </Filter>
    <Filter Include="Header Files\CConsole">
      <UniqueIdentifier>{78172d96-9e84-4b77-87c7-7715bf9f6be6}</UniqueIdentifier>
    </Filter>
    <Filter Include="Header Files\PGE">
      <UniqueIdentifier>{3494da01-8940-4523-af71-24f9aa5e7ec6}</UniqueIdentifier>
    </Filter>
    <Filter Include="Header Files\PFL">
      <UniqueIdentifier>{463a06f9-cffb-4c37-baa4-b141edf7c4bc}</UniqueIdentifier>
    </Filter>
    <Filter Include="Header Files\PGE\Config">
      <UniqueIdentifier>{862d123b-ed8d-4fa9-8a0f-29af67d12798}</UniqueIdentifier>
    </Filter>
    <Filter Include="Header Files\PGE\PURE">
      <UniqueIdentifier>{82ab7fcc-6f76-4c52-808e-3fc8c4645282}</UniqueIdentifier>
    </Filter>
    <Filter Include="Header Files\PGE\PURE\Display">
      <UniqueIdentifier>{e0fb78ae-6035-4022-bf10-5ae195392b3a}</UniqueIdentifier>
    </Filter>
    <Filter Include="Header Files\PGE\PURE\Hardware">
      <UniqueIdentifier>{5cf9097c-25c7-443f-b151-cec1abc9326b}</UniqueIdentifier>
    </Filter>
    <Filter Include="Header Files\PGE\PURE\Material">
      <UniqueIdentifier>{1b0822d1-bcc0-496b-bcfb-b34346228fc0}</UniqueIdentifier>
    </Filter>
    <Filter Include="Header Files\PGE\PURE\Math">
      <UniqueIdentifier>{b5535762-2e4b-445d-a680-b8ceab935268}</UniqueIdentifier>
    </Filter>
    <Filter Include="Header Files\PGE\PURE\Object3D">
      <UniqueIdentifier>{423b6fef-0ca6-4382-8e6e-566b09d8c221}</UniqueIdentifier>
    </Filter>
    <Filter Include="Header Files\PGE\PURE\Render">
      <UniqueIdentifier>{b690ff92-d9f4-4357-84cb-50a6afe215d8}</UniqueIdentifier>
    </Filter>
    <Filter Include="Header Files\PGE\Network">
      <UniqueIdentifier>{8c9a0a95-6bab-4b19-b70b-2c85b89435f9}</UniqueIdentifier>
    </Filter>
    <Filter Include="Header Files\PGE\Audio">
      <UniqueIdentifier>{969e79da-9b10-4c8a-b314-19e981411d19}</UniqueIdentifier>
    </Filter>
    <Filter Include="Header Files\455-355-7357-88">
      <UniqueIdentifier>{6ecc5eb0-8acb-48f5-b724-63cbcbc017f1}</UniqueIdentifier>
    </Filter>
  </ItemGroup>
  <ItemGroup>
    <ClInclude Include="..\PGE.h">
      <Filter>Header Files\PGE</Filter>
    </ClInclude>
    <ClInclude Include="..\PGEInputHandler.h">
      <Filter>Header Files\PGE</Filter>
    </ClInclude>
    <ClInclude Include="PFLTest.h">
      <Filter>Header Files</Filter>
    </ClInclude>
    <ClInclude Include="PGEcfgProfilesTest.h">
      <Filter>Header Files</Filter>
    </ClInclude>
    <ClInclude Include="PGEcfgVariableTest.h">
      <Filter>Header Files</Filter>
    </ClInclude>
    <ClInclude Include="..\PGEWorld.h">
      <Filter>Header Files\PGE</Filter>
    </ClInclude>
    <ClInclude Include="..\PGEWorldTime.h">
      <Filter>Header Files\PGE</Filter>
    </ClInclude>
    <ClInclude Include="..\PGEWorldWeather.h">
      <Filter>Header Files\PGE</Filter>
    </ClInclude>
    <ClInclude Include="..\PGEallHeaders.h">
      <Filter>Header Files\PGE</Filter>
    </ClInclude>
    <ClInclude Include="..\..\..\PFL\PFL\PFL.h">
      <Filter>Header Files\PFL</Filter>
    </ClInclude>
    <ClInclude Include="PGEcfgFileTest.h">
      <Filter>Header Files</Filter>
    </ClInclude>
    <ClInclude Include="PgeWeaponsTest.h">
      <Filter>Header Files</Filter>
    </ClInclude>
    <ClInclude Include="PGEBulletTest.h">
      <Filter>Header Files</Filter>
    </ClInclude>
    <ClInclude Include="..\Config\PGEcfgFile.h">
      <Filter>Header Files\PGE\Config</Filter>
    </ClInclude>
    <ClInclude Include="..\Config\PGEcfgVariable.h">
      <Filter>Header Files\PGE\Config</Filter>
    </ClInclude>
    <ClInclude Include="..\PURE\include\external\PureAllHeaders.h">
      <Filter>Header Files\PGE\PURE</Filter>
    </ClInclude>
    <ClInclude Include="..\PURE\include\external\PureCamera.h">
      <Filter>Header Files\PGE\PURE</Filter>
    </ClInclude>
    <ClInclude Include="..\PURE\include\external\PureFiledManager.h">
      <Filter>Header Files\PGE\PURE</Filter>
    </ClInclude>
    <ClInclude Include="..\PURE\include\external\PureManager.h">
      <Filter>Header Files\PGE\PURE</Filter>
    </ClInclude>
    <ClInclude Include="..\PURE\include\external\PureTypes.h">
      <Filter>Header Files\PGE\PURE</Filter>
    </ClInclude>
    <ClInclude Include="..\PURE\include\external\PureUiManager.h">
      <Filter>Header Files\PGE\PURE</Filter>
    </ClInclude>
    <ClInclude Include="..\PURE\include\external\Display\PureScreen.h">
      <Filter>Header Files\PGE\PURE\Display</Filter>
    </ClInclude>
    <ClInclude Include="..\PURE\include\external\Display\PureWindow.h">
      <Filter>Header Files\PGE\PURE\Display</Filter>
    </ClInclude>
    <ClInclude Include="..\PURE\include\external\Hardware\PureHwAudio.h">
      <Filter>Header Files\PGE\PURE\Hardware</Filter>
    </ClInclude>
    <ClInclude Include="..\PURE\include\external\Hardware\PureHwBase.h">
      <Filter>Header Files\PGE\PURE\Hardware</Filter>
    </ClInclude>
    <ClInclude Include="..\PURE\include\external\Hardware\PureHwCentralProcessor.h">
      <Filter>Header Files\PGE\PURE\Hardware</Filter>
    </ClInclude>
    <ClInclude Include="..\PURE\include\external\Hardware\PureHwInfo.h">
      <Filter>Header Files\PGE\PURE\Hardware</Filter>
    </ClInclude>
    <ClInclude Include="..\PURE\include\external\Hardware\PureHwSystemMemory.h">
      <Filter>Header Files\PGE\PURE\Hardware</Filter>
    </ClInclude>
    <ClInclude Include="..\PURE\include\external\Hardware\PureHwVideo.h">
      <Filter>Header Files\PGE\PURE\Hardware</Filter>
    </ClInclude>
    <ClInclude Include="..\PURE\include\external\Material\PureColor.h">
      <Filter>Header Files\PGE\PURE\Material</Filter>
    </ClInclude>
    <ClInclude Include="..\PURE\include\external\Material\PureImageManager.h">
      <Filter>Header Files\PGE\PURE\Material</Filter>
    </ClInclude>
    <ClInclude Include="..\PURE\include\external\Material\PureMaterialManager.h">
      <Filter>Header Files\PGE\PURE\Material</Filter>
    </ClInclude>
    <ClInclude Include="..\PURE\include\external\Material\PureTextureManager.h">
      <Filter>Header Files\PGE\PURE\Material</Filter>
    </ClInclude>
    <ClInclude Include="..\PURE\include\external\Math\PureMatrix.h">
      <Filter>Header Files\PGE\PURE\Math</Filter>
    </ClInclude>
    <ClInclude Include="..\PURE\include\external\Math\PurePosUpTarget.h">
      <Filter>Header Files\PGE\PURE\Math</Filter>
    </ClInclude>
    <ClInclude Include="..\PURE\include\external\Math\PureTransformMatrix.h">
      <Filter>Header Files\PGE\PURE\Math</Filter>
    </ClInclude>
    <ClInclude Include="..\PURE\include\external\Math\PureVector.h">
      <Filter>Header Files\PGE\PURE\Math</Filter>
    </ClInclude>
    <ClInclude Include="..\PURE\include\external\Object3D\PureMesh3DManager.h">
      <Filter>Header Files\PGE\PURE\Object3D</Filter>
    </ClInclude>
    <ClInclude Include="..\PURE\include\external\Object3D\PureObject3DManager.h">
      <Filter>Header Files\PGE\PURE\Object3D</Filter>
    </ClInclude>
    <ClInclude Include="..\PURE\include\external\Object3D\PureVertexTransferMode.h">
      <Filter>Header Files\PGE\PURE\Object3D</Filter>
    </ClInclude>
    <ClInclude Include="..\PURE\include\external\Render\PureIIncrementalRenderPipeline.h">
      <Filter>Header Files\PGE\PURE\Render</Filter>
    </ClInclude>
    <ClInclude Include="..\PURE\include\external\Render\PureIRenderable.h">
      <Filter>Header Files\PGE\PURE\Render</Filter>
    </ClInclude>
    <ClInclude Include="..\PURE\include\external\Render\PureIRenderer.h">
      <Filter>Header Files\PGE\PURE\Render</Filter>
    </ClInclude>
    <ClInclude Include="..\PURE\include\external\Render\PureRendererHWfixedPipe.h">
      <Filter>Header Files\PGE\PURE\Render</Filter>
    </ClInclude>
    <ClInclude Include="..\PURE\include\external\Render\PureRendererSWincremental.h">
      <Filter>Header Files\PGE\PURE\Render</Filter>
    </ClInclude>
    <ClInclude Include="PR00FsUltimateRenderingEngineTest.h">
      <Filter>Header Files</Filter>
    </ClInclude>
    <ClInclude Include="PR00FsUltimateRenderingEngineTest2.h">
      <Filter>Header Files</Filter>
    </ClInclude>
    <ClInclude Include="PureAxisAlignedBoundingBoxTest.h">
      <Filter>Header Files</Filter>
    </ClInclude>
    <ClInclude Include="PureBoundingVolumeHierarchyTest.h">
      <Filter>Header Files</Filter>
    </ClInclude>
    <ClInclude Include="PureCameraTest.h">
      <Filter>Header Files</Filter>
    </ClInclude>
    <ClInclude Include="PureColorTest.h">
      <Filter>Header Files</Filter>
    </ClInclude>
    <ClInclude Include="PureFiledManagedTest.h">
      <Filter>Header Files</Filter>
    </ClInclude>
    <ClInclude Include="PureFiledManagerTest.h">
      <Filter>Header Files</Filter>
    </ClInclude>
    <ClInclude Include="PureHardwareInfoTest.h">
      <Filter>Header Files</Filter>
    </ClInclude>
    <ClInclude Include="PureHwAudioTest.h">
      <Filter>Header Files</Filter>
    </ClInclude>
    <ClInclude Include="PurehwCentralProcessorTest.h">
      <Filter>Header Files</Filter>
    </ClInclude>
    <ClInclude Include="PureHwSystemMemoryTest.h">
      <Filter>Header Files</Filter>
    </ClInclude>
    <ClInclude Include="PurehwVideoTest.h">
      <Filter>Header Files</Filter>
    </ClInclude>
    <ClInclude Include="PureImageManagerTest.h">
      <Filter>Header Files</Filter>
    </ClInclude>
    <ClInclude Include="PureImageTest.h">
      <Filter>Header Files</Filter>
    </ClInclude>
    <ClInclude Include="PureManagedTest.h">
      <Filter>Header Files</Filter>
    </ClInclude>
    <ClInclude Include="PureManagerTest.h">
      <Filter>Header Files</Filter>
    </ClInclude>
    <ClInclude Include="PureMaterialManagerTest.h">
      <Filter>Header Files</Filter>
    </ClInclude>
    <ClInclude Include="PureMaterialTest.h">
      <Filter>Header Files</Filter>
    </ClInclude>
    <ClInclude Include="PureMatrixTest.h">
      <Filter>Header Files</Filter>
    </ClInclude>
    <ClInclude Include="PureMesh3DManagerTest.h">
      <Filter>Header Files</Filter>
    </ClInclude>
    <ClInclude Include="PureMesh3DTest.h">
      <Filter>Header Files</Filter>
    </ClInclude>
    <ClInclude Include="PureObject3DManagerTest.h">
      <Filter>Header Files</Filter>
    </ClInclude>
    <ClInclude Include="PureObject3DTest.h">
      <Filter>Header Files</Filter>
    </ClInclude>
    <ClInclude Include="PureOctreeTest.h">
      <Filter>Header Files</Filter>
    </ClInclude>
    <ClInclude Include="PurePosUpTargetTest.h">
      <Filter>Header Files</Filter>
    </ClInclude>
    <ClInclude Include="PureRendererHWfixedPipeTest.h">
      <Filter>Header Files</Filter>
    </ClInclude>
    <ClInclude Include="PureScissorTest.h">
      <Filter>Header Files</Filter>
    </ClInclude>
    <ClInclude Include="PureScreenTest.h">
      <Filter>Header Files</Filter>
    </ClInclude>
    <ClInclude Include="PureSharedSettingsTest.h">
      <Filter>Header Files</Filter>
    </ClInclude>
    <ClInclude Include="PureTextureManagerTest.h">
      <Filter>Header Files</Filter>
    </ClInclude>
    <ClInclude Include="PureTextureTest.h">
      <Filter>Header Files</Filter>
    </ClInclude>
    <ClInclude Include="PureTransformMatrixTest.h">
      <Filter>Header Files</Filter>
    </ClInclude>
    <ClInclude Include="PureVectorTest.h">
      <Filter>Header Files</Filter>
    </ClInclude>
    <ClInclude Include="PureVertexTransferTest.h">
      <Filter>Header Files</Filter>
    </ClInclude>
    <ClInclude Include="PureWindowTest.h">
      <Filter>Header Files</Filter>
    </ClInclude>
    <ClInclude Include="PureWindowTest2.h">
      <Filter>Header Files</Filter>
    </ClInclude>
    <ClInclude Include="..\PURE\include\external\PR00FsUltimateRenderingEngine.h">
      <Filter>Header Files\PGE\PURE</Filter>
    </ClInclude>
    <ClInclude Include="PurehwInfoTest.h">
      <Filter>Header Files</Filter>
    </ClInclude>
    <ClInclude Include="..\Config\PGEcfgProfiles.h">
      <Filter>Header Files\PGE\Config</Filter>
    </ClInclude>
    <ClInclude Include="..\Config\PgeOldNewValue.h">
      <Filter>Header Files\PGE\Config</Filter>
    </ClInclude>
    <ClInclude Include="PgeOldNewValueTest.h">
      <Filter>Header Files</Filter>
    </ClInclude>
    <ClInclude Include="..\..\..\Console\CConsole\src\CConsole.h">
      <Filter>Header Files\CConsole</Filter>
    </ClInclude>
    <ClInclude Include="..\Network\PgeClient.h">
      <Filter>Header Files\PGE\Network</Filter>
    </ClInclude>
    <ClInclude Include="..\Network\PgeIServerClient.h">
      <Filter>Header Files\PGE\Network</Filter>
    </ClInclude>
    <ClInclude Include="..\Network\PgeNetwork.h">
      <Filter>Header Files\PGE\Network</Filter>
    </ClInclude>
    <ClInclude Include="..\Network\PgePacket.h">
      <Filter>Header Files\PGE\Network</Filter>
    </ClInclude>
    <ClInclude Include="..\Network\PgeServer.h">
      <Filter>Header Files\PGE\Network</Filter>
    </ClInclude>
    <ClInclude Include="PgePacketTest.h">
      <Filter>Header Files</Filter>
    </ClInclude>
    <ClInclude Include="..\..\..\PFL\PFL\winproof88.h">
      <Filter>Header Files\PFL</Filter>
    </ClInclude>
    <ClInclude Include="..\PURE\include\external\Math\PureProjection.h">
      <Filter>Header Files\PGE\PURE\Math</Filter>
    </ClInclude>
    <ClInclude Include="PureProjectionTest.h">
      <Filter>Header Files</Filter>
    </ClInclude>
    <ClInclude Include="..\Audio\PgeAudio.h">
      <Filter>Header Files\PGE\Audio</Filter>
    </ClInclude>
    <ClInclude Include="..\Audio\soloud-RELEASE_20200207\include\soloud.h">
      <Filter>Header Files\PGE\Audio</Filter>
    </ClInclude>
    <ClInclude Include="..\Audio\soloud-RELEASE_20200207\include\soloud_wav.h">
      <Filter>Header Files\PGE\Audio</Filter>
    </ClInclude>
    <ClInclude Include="..\Network\PgeIClient.h">
      <Filter>Header Files\PGE\Network</Filter>
    </ClInclude>
    <ClInclude Include="..\Network\PgeINetwork.h">
      <Filter>Header Files\PGE\Network</Filter>
    </ClInclude>
    <ClInclude Include="..\Network\PgeIServer.h">
      <Filter>Header Files\PGE\Network</Filter>
    </ClInclude>
    <ClInclude Include="PgeObjectPoolTest.h">
      <Filter>Header Files</Filter>
    </ClInclude>
    <ClInclude Include="..\..\..\455-355-7357-88\455-355-7357-88\Benchmarks.h">
      <Filter>Header Files\455-355-7357-88</Filter>
    </ClInclude>
    <ClInclude Include="..\..\..\455-355-7357-88\455-355-7357-88\ScopeBenchmarker.h">
      <Filter>Header Files\455-355-7357-88</Filter>
    </ClInclude>
    <ClInclude Include="..\..\..\455-355-7357-88\455-355-7357-88\UnitTest.h">
      <Filter>Header Files\455-355-7357-88</Filter>
    </ClInclude>
  </ItemGroup>
  <ItemGroup>
    <ClCompile Include="UnitTests.cpp">
      <Filter>Source Files</Filter>
    </ClCompile>
  </ItemGroup>
</Project>